// !$*UTF8*$!
{
	archiveVersion = 1;
	classes = {
	};
	objectVersion = 56;
	objects = {

/* Begin PBXBuildFile section */
		1101ABBE2906AE8200F15996 /* .swiftlint.yml in Resources */ = {isa = PBXBuildFile; fileRef = 1101ABBD2906AE8200F15996 /* .swiftlint.yml */; };
		119B76562906976E00530C80 /* AppDelegate.swift in Sources */ = {isa = PBXBuildFile; fileRef = 119B76552906976E00530C80 /* AppDelegate.swift */; };
		119B765A2906976E00530C80 /* ViewController.swift in Sources */ = {isa = PBXBuildFile; fileRef = 119B76592906976E00530C80 /* ViewController.swift */; };
		119B765F2906976F00530C80 /* Assets.xcassets in Resources */ = {isa = PBXBuildFile; fileRef = 119B765E2906976F00530C80 /* Assets.xcassets */; };
		119B76622906976F00530C80 /* LaunchScreen.storyboard in Resources */ = {isa = PBXBuildFile; fileRef = 119B76602906976F00530C80 /* LaunchScreen.storyboard */; };
		119B766D2906976F00530C80 /* SureBackTests.swift in Sources */ = {isa = PBXBuildFile; fileRef = 119B766C2906976F00530C80 /* SureBackTests.swift */; };
		119B76772906976F00530C80 /* SureBackUITests.swift in Sources */ = {isa = PBXBuildFile; fileRef = 119B76762906976F00530C80 /* SureBackUITests.swift */; };
		119B76792906976F00530C80 /* SureBackUITestsLaunchTests.swift in Sources */ = {isa = PBXBuildFile; fileRef = 119B76782906976F00530C80 /* SureBackUITestsLaunchTests.swift */; };
		119B76862906979B00530C80 /* .gitignore in Resources */ = {isa = PBXBuildFile; fileRef = 119B76852906979B00530C80 /* .gitignore */; };
		11B2DD2F2907CF760065E98D /* APICall.swift in Sources */ = {isa = PBXBuildFile; fileRef = 11B2DD2E2907CF760065E98D /* APICall.swift */; };
		2DDDD70EABE69B42303C1AED /* Pods_SureBackTests.framework in Frameworks */ = {isa = PBXBuildFile; fileRef = A66D292D4EC5148560DFAB1C /* Pods_SureBackTests.framework */; };
		8A2D3CC34125394E06212A07 /* Pods_SureBack.framework in Frameworks */ = {isa = PBXBuildFile; fileRef = BB6F53CE101281D823C272BB /* Pods_SureBack.framework */; };
		9CCB778BAEA00AE5C43FB920 /* Pods_SureBack_SureBackUITests.framework in Frameworks */ = {isa = PBXBuildFile; fileRef = 3E2508592815CBCC9B194E91 /* Pods_SureBack_SureBackUITests.framework */; };
		AC00FA35290A5D3600B6347D /* ScanQrViewController.swift in Sources */ = {isa = PBXBuildFile; fileRef = AC00FA34290A5D3600B6347D /* ScanQrViewController.swift */; };
		AC04BD7E2909914600635147 /* GenerateQrViewController.swift in Sources */ = {isa = PBXBuildFile; fileRef = AC04BD7D2909914600635147 /* GenerateQrViewController.swift */; };
		AC04BD80290995AD00635147 /* Function.swift in Sources */ = {isa = PBXBuildFile; fileRef = AC04BD7F290995AD00635147 /* Function.swift */; };
		AC3FEDCC2908346C0011202E /* RequestFunction.swift in Sources */ = {isa = PBXBuildFile; fileRef = AC3FEDCB2908346C0011202E /* RequestFunction.swift */; };
		AC3FEDCE290834EA0011202E /* Model.swift in Sources */ = {isa = PBXBuildFile; fileRef = AC3FEDCD290834EA0011202E /* Model.swift */; };
/* End PBXBuildFile section */

/* Begin PBXContainerItemProxy section */
		119B76692906976F00530C80 /* PBXContainerItemProxy */ = {
			isa = PBXContainerItemProxy;
			containerPortal = 119B764A2906976E00530C80 /* Project object */;
			proxyType = 1;
			remoteGlobalIDString = 119B76512906976E00530C80;
			remoteInfo = SureBack;
		};
		119B76732906976F00530C80 /* PBXContainerItemProxy */ = {
			isa = PBXContainerItemProxy;
			containerPortal = 119B764A2906976E00530C80 /* Project object */;
			proxyType = 1;
			remoteGlobalIDString = 119B76512906976E00530C80;
			remoteInfo = SureBack;
		};
/* End PBXContainerItemProxy section */

/* Begin PBXFileReference section */
		1101ABBD2906AE8200F15996 /* .swiftlint.yml */ = {isa = PBXFileReference; lastKnownFileType = text.yaml; path = .swiftlint.yml; sourceTree = "<group>"; };
		119B76522906976E00530C80 /* SureBack.app */ = {isa = PBXFileReference; explicitFileType = wrapper.application; includeInIndex = 0; path = SureBack.app; sourceTree = BUILT_PRODUCTS_DIR; };
		119B76552906976E00530C80 /* AppDelegate.swift */ = {isa = PBXFileReference; lastKnownFileType = sourcecode.swift; path = AppDelegate.swift; sourceTree = "<group>"; };
		119B76592906976E00530C80 /* ViewController.swift */ = {isa = PBXFileReference; lastKnownFileType = sourcecode.swift; path = ViewController.swift; sourceTree = "<group>"; };
		119B765E2906976F00530C80 /* Assets.xcassets */ = {isa = PBXFileReference; lastKnownFileType = folder.assetcatalog; path = Assets.xcassets; sourceTree = "<group>"; };
		119B76612906976F00530C80 /* Base */ = {isa = PBXFileReference; lastKnownFileType = file.storyboard; name = Base; path = Base.lproj/LaunchScreen.storyboard; sourceTree = "<group>"; };
		119B76632906976F00530C80 /* Info.plist */ = {isa = PBXFileReference; lastKnownFileType = text.plist.xml; path = Info.plist; sourceTree = "<group>"; };
		119B76682906976F00530C80 /* SureBackTests.xctest */ = {isa = PBXFileReference; explicitFileType = wrapper.cfbundle; includeInIndex = 0; path = SureBackTests.xctest; sourceTree = BUILT_PRODUCTS_DIR; };
		119B766C2906976F00530C80 /* SureBackTests.swift */ = {isa = PBXFileReference; lastKnownFileType = sourcecode.swift; path = SureBackTests.swift; sourceTree = "<group>"; };
		119B76722906976F00530C80 /* SureBackUITests.xctest */ = {isa = PBXFileReference; explicitFileType = wrapper.cfbundle; includeInIndex = 0; path = SureBackUITests.xctest; sourceTree = BUILT_PRODUCTS_DIR; };
		119B76762906976F00530C80 /* SureBackUITests.swift */ = {isa = PBXFileReference; lastKnownFileType = sourcecode.swift; path = SureBackUITests.swift; sourceTree = "<group>"; };
		119B76782906976F00530C80 /* SureBackUITestsLaunchTests.swift */ = {isa = PBXFileReference; lastKnownFileType = sourcecode.swift; path = SureBackUITestsLaunchTests.swift; sourceTree = "<group>"; };
		119B76852906979B00530C80 /* .gitignore */ = {isa = PBXFileReference; lastKnownFileType = text; path = .gitignore; sourceTree = "<group>"; };
		11B2DD2E2907CF760065E98D /* APICall.swift */ = {isa = PBXFileReference; lastKnownFileType = sourcecode.swift; path = APICall.swift; sourceTree = "<group>"; };
		3E2508592815CBCC9B194E91 /* Pods_SureBack_SureBackUITests.framework */ = {isa = PBXFileReference; explicitFileType = wrapper.framework; includeInIndex = 0; path = Pods_SureBack_SureBackUITests.framework; sourceTree = BUILT_PRODUCTS_DIR; };
		45FB4E7EBF11E0E918FCC83A /* Pods-SureBack.release.xcconfig */ = {isa = PBXFileReference; includeInIndex = 1; lastKnownFileType = text.xcconfig; name = "Pods-SureBack.release.xcconfig"; path = "Target Support Files/Pods-SureBack/Pods-SureBack.release.xcconfig"; sourceTree = "<group>"; };
		5F47E67A5BE033AB27E63DDB /* Pods-SureBackTests.debug.xcconfig */ = {isa = PBXFileReference; includeInIndex = 1; lastKnownFileType = text.xcconfig; name = "Pods-SureBackTests.debug.xcconfig"; path = "Target Support Files/Pods-SureBackTests/Pods-SureBackTests.debug.xcconfig"; sourceTree = "<group>"; };
		73CC351507311C50D6787E9F /* Pods-SureBack-SureBackUITests.debug.xcconfig */ = {isa = PBXFileReference; includeInIndex = 1; lastKnownFileType = text.xcconfig; name = "Pods-SureBack-SureBackUITests.debug.xcconfig"; path = "Target Support Files/Pods-SureBack-SureBackUITests/Pods-SureBack-SureBackUITests.debug.xcconfig"; sourceTree = "<group>"; };
		789F6AEA539E68F7FD5E5C81 /* Pods-SureBack.debug.xcconfig */ = {isa = PBXFileReference; includeInIndex = 1; lastKnownFileType = text.xcconfig; name = "Pods-SureBack.debug.xcconfig"; path = "Target Support Files/Pods-SureBack/Pods-SureBack.debug.xcconfig"; sourceTree = "<group>"; };
		80439164880B2D80FB83B23C /* Pods-SureBack-SureBackUITests.release.xcconfig */ = {isa = PBXFileReference; includeInIndex = 1; lastKnownFileType = text.xcconfig; name = "Pods-SureBack-SureBackUITests.release.xcconfig"; path = "Target Support Files/Pods-SureBack-SureBackUITests/Pods-SureBack-SureBackUITests.release.xcconfig"; sourceTree = "<group>"; };
		956FF58F6BF05A02F4470599 /* Pods-SureBackTests.release.xcconfig */ = {isa = PBXFileReference; includeInIndex = 1; lastKnownFileType = text.xcconfig; name = "Pods-SureBackTests.release.xcconfig"; path = "Target Support Files/Pods-SureBackTests/Pods-SureBackTests.release.xcconfig"; sourceTree = "<group>"; };
		A66D292D4EC5148560DFAB1C /* Pods_SureBackTests.framework */ = {isa = PBXFileReference; explicitFileType = wrapper.framework; includeInIndex = 0; path = Pods_SureBackTests.framework; sourceTree = BUILT_PRODUCTS_DIR; };
		AC00FA34290A5D3600B6347D /* ScanQrViewController.swift */ = {isa = PBXFileReference; lastKnownFileType = sourcecode.swift; path = ScanQrViewController.swift; sourceTree = "<group>"; };
		AC04BD7D2909914600635147 /* GenerateQrViewController.swift */ = {isa = PBXFileReference; lastKnownFileType = sourcecode.swift; path = GenerateQrViewController.swift; sourceTree = "<group>"; };
		AC04BD7F290995AD00635147 /* Function.swift */ = {isa = PBXFileReference; lastKnownFileType = sourcecode.swift; path = Function.swift; sourceTree = "<group>"; };
		AC3FEDCB2908346C0011202E /* RequestFunction.swift */ = {isa = PBXFileReference; lastKnownFileType = sourcecode.swift; path = RequestFunction.swift; sourceTree = "<group>"; };
		AC3FEDCD290834EA0011202E /* Model.swift */ = {isa = PBXFileReference; lastKnownFileType = sourcecode.swift; path = Model.swift; sourceTree = "<group>"; };
		BB6F53CE101281D823C272BB /* Pods_SureBack.framework */ = {isa = PBXFileReference; explicitFileType = wrapper.framework; includeInIndex = 0; path = Pods_SureBack.framework; sourceTree = BUILT_PRODUCTS_DIR; };
/* End PBXFileReference section */

/* Begin PBXFrameworksBuildPhase section */
		119B764F2906976E00530C80 /* Frameworks */ = {
			isa = PBXFrameworksBuildPhase;
			buildActionMask = 2147483647;
			files = (
				8A2D3CC34125394E06212A07 /* Pods_SureBack.framework in Frameworks */,
			);
			runOnlyForDeploymentPostprocessing = 0;
		};
		119B76652906976F00530C80 /* Frameworks */ = {
			isa = PBXFrameworksBuildPhase;
			buildActionMask = 2147483647;
			files = (
				2DDDD70EABE69B42303C1AED /* Pods_SureBackTests.framework in Frameworks */,
			);
			runOnlyForDeploymentPostprocessing = 0;
		};
		119B766F2906976F00530C80 /* Frameworks */ = {
			isa = PBXFrameworksBuildPhase;
			buildActionMask = 2147483647;
			files = (
				9CCB778BAEA00AE5C43FB920 /* Pods_SureBack_SureBackUITests.framework in Frameworks */,
			);
			runOnlyForDeploymentPostprocessing = 0;
		};
/* End PBXFrameworksBuildPhase section */

/* Begin PBXGroup section */
		119B76492906976E00530C80 = {
			isa = PBXGroup;
			children = (
				119B76542906976E00530C80 /* SureBack */,
				119B766B2906976F00530C80 /* SureBackTests */,
				119B76752906976F00530C80 /* SureBackUITests */,
				119B76852906979B00530C80 /* .gitignore */,
				1101ABBD2906AE8200F15996 /* .swiftlint.yml */,
				119B76532906976E00530C80 /* Products */,
				D3D0951AA4B7EF45A5C42768 /* Pods */,
				DEA32E22299B86F87A65CCFC /* Frameworks */,
			);
			sourceTree = "<group>";
		};
		119B76532906976E00530C80 /* Products */ = {
			isa = PBXGroup;
			children = (
				119B76522906976E00530C80 /* SureBack.app */,
				119B76682906976F00530C80 /* SureBackTests.xctest */,
				119B76722906976F00530C80 /* SureBackUITests.xctest */,
			);
			name = Products;
			sourceTree = "<group>";
		};
		119B76542906976E00530C80 /* SureBack */ = {
			isa = PBXGroup;
			children = (
				11B2DD2B2907CF490065E98D /* Core */,
				119B76552906976E00530C80 /* AppDelegate.swift */,
				119B76592906976E00530C80 /* ViewController.swift */,
				119B765E2906976F00530C80 /* Assets.xcassets */,
				119B76602906976F00530C80 /* LaunchScreen.storyboard */,
				119B76632906976F00530C80 /* Info.plist */,
				AC04BD7D2909914600635147 /* GenerateQrViewController.swift */,
				AC04BD7F290995AD00635147 /* Function.swift */,
				AC00FA34290A5D3600B6347D /* ScanQrViewController.swift */,
			);
			path = SureBack;
			sourceTree = "<group>";
		};
		119B766B2906976F00530C80 /* SureBackTests */ = {
			isa = PBXGroup;
			children = (
				119B766C2906976F00530C80 /* SureBackTests.swift */,
			);
			path = SureBackTests;
			sourceTree = "<group>";
		};
		119B76752906976F00530C80 /* SureBackUITests */ = {
			isa = PBXGroup;
			children = (
				119B76762906976F00530C80 /* SureBackUITests.swift */,
				119B76782906976F00530C80 /* SureBackUITestsLaunchTests.swift */,
			);
			path = SureBackUITests;
			sourceTree = "<group>";
		};
		11B2DD2B2907CF490065E98D /* Core */ = {
			isa = PBXGroup;
			children = (
				11B2DD2C2907CF500065E98D /* Utils */,
				AC3FEDCB2908346C0011202E /* RequestFunction.swift */,
				AC3FEDCD290834EA0011202E /* Model.swift */,
			);
			path = Core;
			sourceTree = "<group>";
		};
		11B2DD2C2907CF500065E98D /* Utils */ = {
			isa = PBXGroup;
			children = (
				11B2DD2D2907CF6C0065E98D /* Networks */,
			);
			path = Utils;
			sourceTree = "<group>";
		};
		11B2DD2D2907CF6C0065E98D /* Networks */ = {
			isa = PBXGroup;
			children = (
				11B2DD2E2907CF760065E98D /* APICall.swift */,
			);
			path = Networks;
			sourceTree = "<group>";
		};
		D3D0951AA4B7EF45A5C42768 /* Pods */ = {
			isa = PBXGroup;
			children = (
				789F6AEA539E68F7FD5E5C81 /* Pods-SureBack.debug.xcconfig */,
				45FB4E7EBF11E0E918FCC83A /* Pods-SureBack.release.xcconfig */,
				73CC351507311C50D6787E9F /* Pods-SureBack-SureBackUITests.debug.xcconfig */,
				80439164880B2D80FB83B23C /* Pods-SureBack-SureBackUITests.release.xcconfig */,
				5F47E67A5BE033AB27E63DDB /* Pods-SureBackTests.debug.xcconfig */,
				956FF58F6BF05A02F4470599 /* Pods-SureBackTests.release.xcconfig */,
			);
			path = Pods;
			sourceTree = "<group>";
		};
		DEA32E22299B86F87A65CCFC /* Frameworks */ = {
			isa = PBXGroup;
			children = (
				BB6F53CE101281D823C272BB /* Pods_SureBack.framework */,
				3E2508592815CBCC9B194E91 /* Pods_SureBack_SureBackUITests.framework */,
				A66D292D4EC5148560DFAB1C /* Pods_SureBackTests.framework */,
			);
			name = Frameworks;
			sourceTree = "<group>";
		};
/* End PBXGroup section */

/* Begin PBXNativeTarget section */
		119B76512906976E00530C80 /* SureBack */ = {
			isa = PBXNativeTarget;
			buildConfigurationList = 119B767C2906976F00530C80 /* Build configuration list for PBXNativeTarget "SureBack" */;
			buildPhases = (
				59B012C85E7B03C1E493F168 /* [CP] Check Pods Manifest.lock */,
				119B764E2906976E00530C80 /* Sources */,
				119B764F2906976E00530C80 /* Frameworks */,
				119B76502906976E00530C80 /* Resources */,
				F08DB5284108EA7A59FDB696 /* [CP] Embed Pods Frameworks */,
				1101ABBC29069F7000F15996 /* ShellScript */,
			);
			buildRules = (
			);
			dependencies = (
			);
			name = SureBack;
			productName = SureBack;
			productReference = 119B76522906976E00530C80 /* SureBack.app */;
			productType = "com.apple.product-type.application";
		};
		119B76672906976F00530C80 /* SureBackTests */ = {
			isa = PBXNativeTarget;
			buildConfigurationList = 119B767F2906976F00530C80 /* Build configuration list for PBXNativeTarget "SureBackTests" */;
			buildPhases = (
				BB798AD42487779DED9CD932 /* [CP] Check Pods Manifest.lock */,
				119B76642906976F00530C80 /* Sources */,
				119B76652906976F00530C80 /* Frameworks */,
				119B76662906976F00530C80 /* Resources */,
			);
			buildRules = (
			);
			dependencies = (
				119B766A2906976F00530C80 /* PBXTargetDependency */,
			);
			name = SureBackTests;
			productName = SureBackTests;
			productReference = 119B76682906976F00530C80 /* SureBackTests.xctest */;
			productType = "com.apple.product-type.bundle.unit-test";
		};
		119B76712906976F00530C80 /* SureBackUITests */ = {
			isa = PBXNativeTarget;
			buildConfigurationList = 119B76822906976F00530C80 /* Build configuration list for PBXNativeTarget "SureBackUITests" */;
			buildPhases = (
				1F7A7929162B596559751DC6 /* [CP] Check Pods Manifest.lock */,
				119B766E2906976F00530C80 /* Sources */,
				119B766F2906976F00530C80 /* Frameworks */,
				119B76702906976F00530C80 /* Resources */,
				A15196702EE97018E7556E6F /* [CP] Embed Pods Frameworks */,
			);
			buildRules = (
			);
			dependencies = (
				119B76742906976F00530C80 /* PBXTargetDependency */,
			);
			name = SureBackUITests;
			productName = SureBackUITests;
			productReference = 119B76722906976F00530C80 /* SureBackUITests.xctest */;
			productType = "com.apple.product-type.bundle.ui-testing";
		};
/* End PBXNativeTarget section */

/* Begin PBXProject section */
		119B764A2906976E00530C80 /* Project object */ = {
			isa = PBXProject;
			attributes = {
				BuildIndependentTargetsInParallel = 1;
				LastSwiftUpdateCheck = 1400;
				LastUpgradeCheck = 1400;
				TargetAttributes = {
					119B76512906976E00530C80 = {
						CreatedOnToolsVersion = 14.0.1;
					};
					119B76672906976F00530C80 = {
						CreatedOnToolsVersion = 14.0.1;
						TestTargetID = 119B76512906976E00530C80;
					};
					119B76712906976F00530C80 = {
						CreatedOnToolsVersion = 14.0.1;
						TestTargetID = 119B76512906976E00530C80;
					};
				};
			};
			buildConfigurationList = 119B764D2906976E00530C80 /* Build configuration list for PBXProject "SureBack" */;
			compatibilityVersion = "Xcode 14.0";
			developmentRegion = en;
			hasScannedForEncodings = 0;
			knownRegions = (
				en,
				Base,
			);
			mainGroup = 119B76492906976E00530C80;
			productRefGroup = 119B76532906976E00530C80 /* Products */;
			projectDirPath = "";
			projectRoot = "";
			targets = (
				119B76512906976E00530C80 /* SureBack */,
				119B76672906976F00530C80 /* SureBackTests */,
				119B76712906976F00530C80 /* SureBackUITests */,
			);
		};
/* End PBXProject section */

/* Begin PBXResourcesBuildPhase section */
		119B76502906976E00530C80 /* Resources */ = {
			isa = PBXResourcesBuildPhase;
			buildActionMask = 2147483647;
			files = (
				1101ABBE2906AE8200F15996 /* .swiftlint.yml in Resources */,
				119B76862906979B00530C80 /* .gitignore in Resources */,
				119B76622906976F00530C80 /* LaunchScreen.storyboard in Resources */,
				119B765F2906976F00530C80 /* Assets.xcassets in Resources */,
			);
			runOnlyForDeploymentPostprocessing = 0;
		};
		119B76662906976F00530C80 /* Resources */ = {
			isa = PBXResourcesBuildPhase;
			buildActionMask = 2147483647;
			files = (
			);
			runOnlyForDeploymentPostprocessing = 0;
		};
		119B76702906976F00530C80 /* Resources */ = {
			isa = PBXResourcesBuildPhase;
			buildActionMask = 2147483647;
			files = (
			);
			runOnlyForDeploymentPostprocessing = 0;
		};
/* End PBXResourcesBuildPhase section */

/* Begin PBXShellScriptBuildPhase section */
		1101ABBC29069F7000F15996 /* ShellScript */ = {
			isa = PBXShellScriptBuildPhase;
			alwaysOutOfDate = 1;
			buildActionMask = 12;
			files = (
			);
			inputFileListPaths = (
			);
			inputPaths = (
			);
			outputFileListPaths = (
			);
			outputPaths = (
			);
			runOnlyForDeploymentPostprocessing = 0;
			shellPath = /bin/sh;
			shellScript = "\"${PODS_ROOT}/SwiftLint/swiftlint\"\n";
		};
		1F7A7929162B596559751DC6 /* [CP] Check Pods Manifest.lock */ = {
			isa = PBXShellScriptBuildPhase;
			buildActionMask = 2147483647;
			files = (
			);
			inputFileListPaths = (
			);
			inputPaths = (
				"${PODS_PODFILE_DIR_PATH}/Podfile.lock",
				"${PODS_ROOT}/Manifest.lock",
			);
			name = "[CP] Check Pods Manifest.lock";
			outputFileListPaths = (
			);
			outputPaths = (
				"$(DERIVED_FILE_DIR)/Pods-SureBack-SureBackUITests-checkManifestLockResult.txt",
			);
			runOnlyForDeploymentPostprocessing = 0;
			shellPath = /bin/sh;
			shellScript = "diff \"${PODS_PODFILE_DIR_PATH}/Podfile.lock\" \"${PODS_ROOT}/Manifest.lock\" > /dev/null\nif [ $? != 0 ] ; then\n    # print error to STDERR\n    echo \"error: The sandbox is not in sync with the Podfile.lock. Run 'pod install' or update your CocoaPods installation.\" >&2\n    exit 1\nfi\n# This output is used by Xcode 'outputs' to avoid re-running this script phase.\necho \"SUCCESS\" > \"${SCRIPT_OUTPUT_FILE_0}\"\n";
			showEnvVarsInLog = 0;
		};
		59B012C85E7B03C1E493F168 /* [CP] Check Pods Manifest.lock */ = {
			isa = PBXShellScriptBuildPhase;
			buildActionMask = 2147483647;
			files = (
			);
			inputFileListPaths = (
			);
			inputPaths = (
				"${PODS_PODFILE_DIR_PATH}/Podfile.lock",
				"${PODS_ROOT}/Manifest.lock",
			);
			name = "[CP] Check Pods Manifest.lock";
			outputFileListPaths = (
			);
			outputPaths = (
				"$(DERIVED_FILE_DIR)/Pods-SureBack-checkManifestLockResult.txt",
			);
			runOnlyForDeploymentPostprocessing = 0;
			shellPath = /bin/sh;
			shellScript = "diff \"${PODS_PODFILE_DIR_PATH}/Podfile.lock\" \"${PODS_ROOT}/Manifest.lock\" > /dev/null\nif [ $? != 0 ] ; then\n    # print error to STDERR\n    echo \"error: The sandbox is not in sync with the Podfile.lock. Run 'pod install' or update your CocoaPods installation.\" >&2\n    exit 1\nfi\n# This output is used by Xcode 'outputs' to avoid re-running this script phase.\necho \"SUCCESS\" > \"${SCRIPT_OUTPUT_FILE_0}\"\n";
			showEnvVarsInLog = 0;
		};
		A15196702EE97018E7556E6F /* [CP] Embed Pods Frameworks */ = {
			isa = PBXShellScriptBuildPhase;
			buildActionMask = 2147483647;
			files = (
			);
			inputFileListPaths = (
				"${PODS_ROOT}/Target Support Files/Pods-SureBack-SureBackUITests/Pods-SureBack-SureBackUITests-frameworks-${CONFIGURATION}-input-files.xcfilelist",
			);
			name = "[CP] Embed Pods Frameworks";
			outputFileListPaths = (
				"${PODS_ROOT}/Target Support Files/Pods-SureBack-SureBackUITests/Pods-SureBack-SureBackUITests-frameworks-${CONFIGURATION}-output-files.xcfilelist",
			);
			runOnlyForDeploymentPostprocessing = 0;
			shellPath = /bin/sh;
			shellScript = "\"${PODS_ROOT}/Target Support Files/Pods-SureBack-SureBackUITests/Pods-SureBack-SureBackUITests-frameworks.sh\"\n";
			showEnvVarsInLog = 0;
		};
		BB798AD42487779DED9CD932 /* [CP] Check Pods Manifest.lock */ = {
			isa = PBXShellScriptBuildPhase;
			buildActionMask = 2147483647;
			files = (
			);
			inputFileListPaths = (
			);
			inputPaths = (
				"${PODS_PODFILE_DIR_PATH}/Podfile.lock",
				"${PODS_ROOT}/Manifest.lock",
			);
			name = "[CP] Check Pods Manifest.lock";
			outputFileListPaths = (
			);
			outputPaths = (
				"$(DERIVED_FILE_DIR)/Pods-SureBackTests-checkManifestLockResult.txt",
			);
			runOnlyForDeploymentPostprocessing = 0;
			shellPath = /bin/sh;
			shellScript = "diff \"${PODS_PODFILE_DIR_PATH}/Podfile.lock\" \"${PODS_ROOT}/Manifest.lock\" > /dev/null\nif [ $? != 0 ] ; then\n    # print error to STDERR\n    echo \"error: The sandbox is not in sync with the Podfile.lock. Run 'pod install' or update your CocoaPods installation.\" >&2\n    exit 1\nfi\n# This output is used by Xcode 'outputs' to avoid re-running this script phase.\necho \"SUCCESS\" > \"${SCRIPT_OUTPUT_FILE_0}\"\n";
			showEnvVarsInLog = 0;
		};
		F08DB5284108EA7A59FDB696 /* [CP] Embed Pods Frameworks */ = {
			isa = PBXShellScriptBuildPhase;
			buildActionMask = 2147483647;
			files = (
			);
			inputFileListPaths = (
				"${PODS_ROOT}/Target Support Files/Pods-SureBack/Pods-SureBack-frameworks-${CONFIGURATION}-input-files.xcfilelist",
			);
			name = "[CP] Embed Pods Frameworks";
			outputFileListPaths = (
				"${PODS_ROOT}/Target Support Files/Pods-SureBack/Pods-SureBack-frameworks-${CONFIGURATION}-output-files.xcfilelist",
			);
			runOnlyForDeploymentPostprocessing = 0;
			shellPath = /bin/sh;
			shellScript = "\"${PODS_ROOT}/Target Support Files/Pods-SureBack/Pods-SureBack-frameworks.sh\"\n";
			showEnvVarsInLog = 0;
		};
/* End PBXShellScriptBuildPhase section */

/* Begin PBXSourcesBuildPhase section */
		119B764E2906976E00530C80 /* Sources */ = {
			isa = PBXSourcesBuildPhase;
			buildActionMask = 2147483647;
			files = (
				AC04BD7E2909914600635147 /* GenerateQrViewController.swift in Sources */,
				119B765A2906976E00530C80 /* ViewController.swift in Sources */,
				AC04BD80290995AD00635147 /* Function.swift in Sources */,
				119B76562906976E00530C80 /* AppDelegate.swift in Sources */,
				AC00FA35290A5D3600B6347D /* ScanQrViewController.swift in Sources */,
				AC3FEDCC2908346C0011202E /* RequestFunction.swift in Sources */,
				AC3FEDCE290834EA0011202E /* Model.swift in Sources */,
				11B2DD2F2907CF760065E98D /* APICall.swift in Sources */,
			);
			runOnlyForDeploymentPostprocessing = 0;
		};
		119B76642906976F00530C80 /* Sources */ = {
			isa = PBXSourcesBuildPhase;
			buildActionMask = 2147483647;
			files = (
				119B766D2906976F00530C80 /* SureBackTests.swift in Sources */,
			);
			runOnlyForDeploymentPostprocessing = 0;
		};
		119B766E2906976F00530C80 /* Sources */ = {
			isa = PBXSourcesBuildPhase;
			buildActionMask = 2147483647;
			files = (
				119B76792906976F00530C80 /* SureBackUITestsLaunchTests.swift in Sources */,
				119B76772906976F00530C80 /* SureBackUITests.swift in Sources */,
			);
			runOnlyForDeploymentPostprocessing = 0;
		};
/* End PBXSourcesBuildPhase section */

/* Begin PBXTargetDependency section */
		119B766A2906976F00530C80 /* PBXTargetDependency */ = {
			isa = PBXTargetDependency;
			target = 119B76512906976E00530C80 /* SureBack */;
			targetProxy = 119B76692906976F00530C80 /* PBXContainerItemProxy */;
		};
		119B76742906976F00530C80 /* PBXTargetDependency */ = {
			isa = PBXTargetDependency;
			target = 119B76512906976E00530C80 /* SureBack */;
			targetProxy = 119B76732906976F00530C80 /* PBXContainerItemProxy */;
		};
/* End PBXTargetDependency section */

/* Begin PBXVariantGroup section */
		119B76602906976F00530C80 /* LaunchScreen.storyboard */ = {
			isa = PBXVariantGroup;
			children = (
				119B76612906976F00530C80 /* Base */,
			);
			name = LaunchScreen.storyboard;
			sourceTree = "<group>";
		};
/* End PBXVariantGroup section */

/* Begin XCBuildConfiguration section */
		119B767A2906976F00530C80 /* Debug */ = {
			isa = XCBuildConfiguration;
			buildSettings = {
				ALWAYS_SEARCH_USER_PATHS = NO;
				CLANG_ANALYZER_NONNULL = YES;
				CLANG_ANALYZER_NUMBER_OBJECT_CONVERSION = YES_AGGRESSIVE;
				CLANG_CXX_LANGUAGE_STANDARD = "gnu++20";
				CLANG_ENABLE_MODULES = YES;
				CLANG_ENABLE_OBJC_ARC = YES;
				CLANG_ENABLE_OBJC_WEAK = YES;
				CLANG_WARN_BLOCK_CAPTURE_AUTORELEASING = YES;
				CLANG_WARN_BOOL_CONVERSION = YES;
				CLANG_WARN_COMMA = YES;
				CLANG_WARN_CONSTANT_CONVERSION = YES;
				CLANG_WARN_DEPRECATED_OBJC_IMPLEMENTATIONS = YES;
				CLANG_WARN_DIRECT_OBJC_ISA_USAGE = YES_ERROR;
				CLANG_WARN_DOCUMENTATION_COMMENTS = YES;
				CLANG_WARN_EMPTY_BODY = YES;
				CLANG_WARN_ENUM_CONVERSION = YES;
				CLANG_WARN_INFINITE_RECURSION = YES;
				CLANG_WARN_INT_CONVERSION = YES;
				CLANG_WARN_NON_LITERAL_NULL_CONVERSION = YES;
				CLANG_WARN_OBJC_IMPLICIT_RETAIN_SELF = YES;
				CLANG_WARN_OBJC_LITERAL_CONVERSION = YES;
				CLANG_WARN_OBJC_ROOT_CLASS = YES_ERROR;
				CLANG_WARN_QUOTED_INCLUDE_IN_FRAMEWORK_HEADER = YES;
				CLANG_WARN_RANGE_LOOP_ANALYSIS = YES;
				CLANG_WARN_STRICT_PROTOTYPES = YES;
				CLANG_WARN_SUSPICIOUS_MOVE = YES;
				CLANG_WARN_UNGUARDED_AVAILABILITY = YES_AGGRESSIVE;
				CLANG_WARN_UNREACHABLE_CODE = YES;
				CLANG_WARN__DUPLICATE_METHOD_MATCH = YES;
				COPY_PHASE_STRIP = NO;
				DEBUG_INFORMATION_FORMAT = dwarf;
				ENABLE_STRICT_OBJC_MSGSEND = YES;
				ENABLE_TESTABILITY = YES;
				GCC_C_LANGUAGE_STANDARD = gnu11;
				GCC_DYNAMIC_NO_PIC = NO;
				GCC_NO_COMMON_BLOCKS = YES;
				GCC_OPTIMIZATION_LEVEL = 0;
				GCC_PREPROCESSOR_DEFINITIONS = (
					"DEBUG=1",
					"$(inherited)",
				);
				GCC_WARN_64_TO_32_BIT_CONVERSION = YES;
				GCC_WARN_ABOUT_RETURN_TYPE = YES_ERROR;
				GCC_WARN_UNDECLARED_SELECTOR = YES;
				GCC_WARN_UNINITIALIZED_AUTOS = YES_AGGRESSIVE;
				GCC_WARN_UNUSED_FUNCTION = YES;
				GCC_WARN_UNUSED_VARIABLE = YES;
				IPHONEOS_DEPLOYMENT_TARGET = 11.0;
				MTL_ENABLE_DEBUG_INFO = INCLUDE_SOURCE;
				MTL_FAST_MATH = YES;
				ONLY_ACTIVE_ARCH = YES;
				SDKROOT = iphoneos;
				SWIFT_ACTIVE_COMPILATION_CONDITIONS = DEBUG;
				SWIFT_OPTIMIZATION_LEVEL = "-Onone";
			};
			name = Debug;
		};
		119B767B2906976F00530C80 /* Release */ = {
			isa = XCBuildConfiguration;
			buildSettings = {
				ALWAYS_SEARCH_USER_PATHS = NO;
				CLANG_ANALYZER_NONNULL = YES;
				CLANG_ANALYZER_NUMBER_OBJECT_CONVERSION = YES_AGGRESSIVE;
				CLANG_CXX_LANGUAGE_STANDARD = "gnu++20";
				CLANG_ENABLE_MODULES = YES;
				CLANG_ENABLE_OBJC_ARC = YES;
				CLANG_ENABLE_OBJC_WEAK = YES;
				CLANG_WARN_BLOCK_CAPTURE_AUTORELEASING = YES;
				CLANG_WARN_BOOL_CONVERSION = YES;
				CLANG_WARN_COMMA = YES;
				CLANG_WARN_CONSTANT_CONVERSION = YES;
				CLANG_WARN_DEPRECATED_OBJC_IMPLEMENTATIONS = YES;
				CLANG_WARN_DIRECT_OBJC_ISA_USAGE = YES_ERROR;
				CLANG_WARN_DOCUMENTATION_COMMENTS = YES;
				CLANG_WARN_EMPTY_BODY = YES;
				CLANG_WARN_ENUM_CONVERSION = YES;
				CLANG_WARN_INFINITE_RECURSION = YES;
				CLANG_WARN_INT_CONVERSION = YES;
				CLANG_WARN_NON_LITERAL_NULL_CONVERSION = YES;
				CLANG_WARN_OBJC_IMPLICIT_RETAIN_SELF = YES;
				CLANG_WARN_OBJC_LITERAL_CONVERSION = YES;
				CLANG_WARN_OBJC_ROOT_CLASS = YES_ERROR;
				CLANG_WARN_QUOTED_INCLUDE_IN_FRAMEWORK_HEADER = YES;
				CLANG_WARN_RANGE_LOOP_ANALYSIS = YES;
				CLANG_WARN_STRICT_PROTOTYPES = YES;
				CLANG_WARN_SUSPICIOUS_MOVE = YES;
				CLANG_WARN_UNGUARDED_AVAILABILITY = YES_AGGRESSIVE;
				CLANG_WARN_UNREACHABLE_CODE = YES;
				CLANG_WARN__DUPLICATE_METHOD_MATCH = YES;
				COPY_PHASE_STRIP = NO;
				DEBUG_INFORMATION_FORMAT = "dwarf-with-dsym";
				ENABLE_NS_ASSERTIONS = NO;
				ENABLE_STRICT_OBJC_MSGSEND = YES;
				GCC_C_LANGUAGE_STANDARD = gnu11;
				GCC_NO_COMMON_BLOCKS = YES;
				GCC_WARN_64_TO_32_BIT_CONVERSION = YES;
				GCC_WARN_ABOUT_RETURN_TYPE = YES_ERROR;
				GCC_WARN_UNDECLARED_SELECTOR = YES;
				GCC_WARN_UNINITIALIZED_AUTOS = YES_AGGRESSIVE;
				GCC_WARN_UNUSED_FUNCTION = YES;
				GCC_WARN_UNUSED_VARIABLE = YES;
				IPHONEOS_DEPLOYMENT_TARGET = 11.0;
				MTL_ENABLE_DEBUG_INFO = NO;
				MTL_FAST_MATH = YES;
				SDKROOT = iphoneos;
				SWIFT_COMPILATION_MODE = wholemodule;
				SWIFT_OPTIMIZATION_LEVEL = "-O";
				VALIDATE_PRODUCT = YES;
			};
			name = Release;
		};
		119B767D2906976F00530C80 /* Debug */ = {
			isa = XCBuildConfiguration;
			baseConfigurationReference = 789F6AEA539E68F7FD5E5C81 /* Pods-SureBack.debug.xcconfig */;
			buildSettings = {
				ASSETCATALOG_COMPILER_APPICON_NAME = AppIcon;
				ASSETCATALOG_COMPILER_GLOBAL_ACCENT_COLOR_NAME = AccentColor;
				CODE_SIGN_STYLE = Automatic;
				CURRENT_PROJECT_VERSION = 1;
				DEVELOPMENT_TEAM = C8VS35NTZ7;
				GENERATE_INFOPLIST_FILE = YES;
				INFOPLIST_FILE = SureBack/Info.plist;
				INFOPLIST_KEY_UIApplicationSupportsIndirectInputEvents = YES;
				INFOPLIST_KEY_UILaunchStoryboardName = LaunchScreen;
				INFOPLIST_KEY_UIMainStoryboardFile = "";
				INFOPLIST_KEY_UIStatusBarStyle = "";
				INFOPLIST_KEY_UISupportedInterfaceOrientations_iPad = "UIInterfaceOrientationPortrait UIInterfaceOrientationPortraitUpsideDown UIInterfaceOrientationLandscapeLeft UIInterfaceOrientationLandscapeRight";
				INFOPLIST_KEY_UISupportedInterfaceOrientations_iPhone = "UIInterfaceOrientationPortrait UIInterfaceOrientationLandscapeLeft UIInterfaceOrientationLandscapeRight";
				IPHONEOS_DEPLOYMENT_TARGET = 11.0;
				LD_RUNPATH_SEARCH_PATHS = (
					"$(inherited)",
					"@executable_path/Frameworks",
				);
				MARKETING_VERSION = 1.0;
				PRODUCT_BUNDLE_IDENTIFIER = cro2one.SureBack;
				PRODUCT_NAME = "$(TARGET_NAME)";
				SWIFT_EMIT_LOC_STRINGS = YES;
				SWIFT_VERSION = 5.0;
				TARGETED_DEVICE_FAMILY = "1,2";
			};
			name = Debug;
		};
		119B767E2906976F00530C80 /* Release */ = {
			isa = XCBuildConfiguration;
			baseConfigurationReference = 45FB4E7EBF11E0E918FCC83A /* Pods-SureBack.release.xcconfig */;
			buildSettings = {
				ASSETCATALOG_COMPILER_APPICON_NAME = AppIcon;
				ASSETCATALOG_COMPILER_GLOBAL_ACCENT_COLOR_NAME = AccentColor;
				CODE_SIGN_STYLE = Automatic;
				CURRENT_PROJECT_VERSION = 1;
				DEVELOPMENT_TEAM = C8VS35NTZ7;
				GENERATE_INFOPLIST_FILE = YES;
				INFOPLIST_FILE = SureBack/Info.plist;
				INFOPLIST_KEY_UIApplicationSupportsIndirectInputEvents = YES;
				INFOPLIST_KEY_UILaunchStoryboardName = LaunchScreen;
				INFOPLIST_KEY_UIMainStoryboardFile = "";
				INFOPLIST_KEY_UIStatusBarStyle = "";
				INFOPLIST_KEY_UISupportedInterfaceOrientations_iPad = "UIInterfaceOrientationPortrait UIInterfaceOrientationPortraitUpsideDown UIInterfaceOrientationLandscapeLeft UIInterfaceOrientationLandscapeRight";
				INFOPLIST_KEY_UISupportedInterfaceOrientations_iPhone = "UIInterfaceOrientationPortrait UIInterfaceOrientationLandscapeLeft UIInterfaceOrientationLandscapeRight";
				IPHONEOS_DEPLOYMENT_TARGET = 11.0;
				LD_RUNPATH_SEARCH_PATHS = (
					"$(inherited)",
					"@executable_path/Frameworks",
				);
				MARKETING_VERSION = 1.0;
				PRODUCT_BUNDLE_IDENTIFIER = cro2one.SureBack;
				PRODUCT_NAME = "$(TARGET_NAME)";
				SWIFT_EMIT_LOC_STRINGS = YES;
				SWIFT_VERSION = 5.0;
				TARGETED_DEVICE_FAMILY = "1,2";
			};
			name = Release;
		};
		119B76802906976F00530C80 /* Debug */ = {
			isa = XCBuildConfiguration;
			baseConfigurationReference = 5F47E67A5BE033AB27E63DDB /* Pods-SureBackTests.debug.xcconfig */;
			buildSettings = {
				ALWAYS_EMBED_SWIFT_STANDARD_LIBRARIES = YES;
				BUNDLE_LOADER = "$(TEST_HOST)";
				CODE_SIGN_STYLE = Automatic;
				CURRENT_PROJECT_VERSION = 1;
				DEVELOPMENT_TEAM = BAFJ582D2S;
				GENERATE_INFOPLIST_FILE = YES;
				IPHONEOS_DEPLOYMENT_TARGET = 11.0;
				MARKETING_VERSION = 1.0;
				PRODUCT_BUNDLE_IDENTIFIER = cro2one.SureBackTests;
				PRODUCT_NAME = "$(TARGET_NAME)";
				SWIFT_EMIT_LOC_STRINGS = NO;
				SWIFT_VERSION = 5.0;
				TARGETED_DEVICE_FAMILY = "1,2";
				TEST_HOST = "$(BUILT_PRODUCTS_DIR)/SureBack.app/$(BUNDLE_EXECUTABLE_FOLDER_PATH)/SureBack";
			};
			name = Debug;
		};
		119B76812906976F00530C80 /* Release */ = {
			isa = XCBuildConfiguration;
			baseConfigurationReference = 956FF58F6BF05A02F4470599 /* Pods-SureBackTests.release.xcconfig */;
			buildSettings = {
				ALWAYS_EMBED_SWIFT_STANDARD_LIBRARIES = YES;
				BUNDLE_LOADER = "$(TEST_HOST)";
				CODE_SIGN_STYLE = Automatic;
				CURRENT_PROJECT_VERSION = 1;
				DEVELOPMENT_TEAM = BAFJ582D2S;
				GENERATE_INFOPLIST_FILE = YES;
				IPHONEOS_DEPLOYMENT_TARGET = 11.0;
				MARKETING_VERSION = 1.0;
				PRODUCT_BUNDLE_IDENTIFIER = cro2one.SureBackTests;
				PRODUCT_NAME = "$(TARGET_NAME)";
				SWIFT_EMIT_LOC_STRINGS = NO;
				SWIFT_VERSION = 5.0;
				TARGETED_DEVICE_FAMILY = "1,2";
				TEST_HOST = "$(BUILT_PRODUCTS_DIR)/SureBack.app/$(BUNDLE_EXECUTABLE_FOLDER_PATH)/SureBack";
			};
			name = Release;
		};
		119B76832906976F00530C80 /* Debug */ = {
			isa = XCBuildConfiguration;
			baseConfigurationReference = 73CC351507311C50D6787E9F /* Pods-SureBack-SureBackUITests.debug.xcconfig */;
			buildSettings = {
				ALWAYS_EMBED_SWIFT_STANDARD_LIBRARIES = YES;
				CODE_SIGN_STYLE = Automatic;
				CURRENT_PROJECT_VERSION = 1;
				DEVELOPMENT_TEAM = BAFJ582D2S;
				GENERATE_INFOPLIST_FILE = YES;
				IPHONEOS_DEPLOYMENT_TARGET = 11.0;
				MARKETING_VERSION = 1.0;
				PRODUCT_BUNDLE_IDENTIFIER = cro2one.SureBackUITests;
				PRODUCT_NAME = "$(TARGET_NAME)";
				SWIFT_EMIT_LOC_STRINGS = NO;
				SWIFT_VERSION = 5.0;
				TARGETED_DEVICE_FAMILY = "1,2";
				TEST_TARGET_NAME = SureBack;
			};
			name = Debug;
		};
		119B76842906976F00530C80 /* Release */ = {
			isa = XCBuildConfiguration;
			baseConfigurationReference = 80439164880B2D80FB83B23C /* Pods-SureBack-SureBackUITests.release.xcconfig */;
			buildSettings = {
				ALWAYS_EMBED_SWIFT_STANDARD_LIBRARIES = YES;
				CODE_SIGN_STYLE = Automatic;
				CURRENT_PROJECT_VERSION = 1;
				DEVELOPMENT_TEAM = BAFJ582D2S;
				GENERATE_INFOPLIST_FILE = YES;
				IPHONEOS_DEPLOYMENT_TARGET = 11.0;
				MARKETING_VERSION = 1.0;
				PRODUCT_BUNDLE_IDENTIFIER = cro2one.SureBackUITests;
				PRODUCT_NAME = "$(TARGET_NAME)";
				SWIFT_EMIT_LOC_STRINGS = NO;
				SWIFT_VERSION = 5.0;
				TARGETED_DEVICE_FAMILY = "1,2";
				TEST_TARGET_NAME = SureBack;
			};
			name = Release;
		};
/* End XCBuildConfiguration section */

/* Begin XCConfigurationList section */
		119B764D2906976E00530C80 /* Build configuration list for PBXProject "SureBack" */ = {
			isa = XCConfigurationList;
			buildConfigurations = (
				119B767A2906976F00530C80 /* Debug */,
				119B767B2906976F00530C80 /* Release */,
			);
			defaultConfigurationIsVisible = 0;
			defaultConfigurationName = Release;
		};
		119B767C2906976F00530C80 /* Build configuration list for PBXNativeTarget "SureBack" */ = {
			isa = XCConfigurationList;
			buildConfigurations = (
				119B767D2906976F00530C80 /* Debug */,
				119B767E2906976F00530C80 /* Release */,
			);
			defaultConfigurationIsVisible = 0;
			defaultConfigurationName = Release;
		};
		119B767F2906976F00530C80 /* Build configuration list for PBXNativeTarget "SureBackTests" */ = {
			isa = XCConfigurationList;
			buildConfigurations = (
				119B76802906976F00530C80 /* Debug */,
				119B76812906976F00530C80 /* Release */,
			);
			defaultConfigurationIsVisible = 0;
			defaultConfigurationName = Release;
		};
		119B76822906976F00530C80 /* Build configuration list for PBXNativeTarget "SureBackUITests" */ = {
			isa = XCConfigurationList;
			buildConfigurations = (
				119B76832906976F00530C80 /* Debug */,
				119B76842906976F00530C80 /* Release */,
			);
			defaultConfigurationIsVisible = 0;
			defaultConfigurationName = Release;
		};
/* End XCConfigurationList section */
	};
	rootObject = 119B764A2906976E00530C80 /* Project object */;
}
