// !$*UTF8*$!
{
	archiveVersion = 1;
	classes = {
	};
	objectVersion = 56;
	objects = {

/* Begin PBXBuildFile section */
		1101ABBE2906AE8200F15996 /* .swiftlint.yml in Resources */ = {isa = PBXBuildFile; fileRef = 1101ABBD2906AE8200F15996 /* .swiftlint.yml */; };
		119B76562906976E00530C80 /* AppDelegate.swift in Sources */ = {isa = PBXBuildFile; fileRef = 119B76552906976E00530C80 /* AppDelegate.swift */; };
		119B765A2906976E00530C80 /* ViewController.swift in Sources */ = {isa = PBXBuildFile; fileRef = 119B76592906976E00530C80 /* ViewController.swift */; };
		119B765F2906976F00530C80 /* Assets.xcassets in Resources */ = {isa = PBXBuildFile; fileRef = 119B765E2906976F00530C80 /* Assets.xcassets */; };
		119B76622906976F00530C80 /* LaunchScreen.storyboard in Resources */ = {isa = PBXBuildFile; fileRef = 119B76602906976F00530C80 /* LaunchScreen.storyboard */; };
		119B766D2906976F00530C80 /* SureBackTests.swift in Sources */ = {isa = PBXBuildFile; fileRef = 119B766C2906976F00530C80 /* SureBackTests.swift */; };
		119B76772906976F00530C80 /* SureBackUITests.swift in Sources */ = {isa = PBXBuildFile; fileRef = 119B76762906976F00530C80 /* SureBackUITests.swift */; };
		119B76792906976F00530C80 /* SureBackUITestsLaunchTests.swift in Sources */ = {isa = PBXBuildFile; fileRef = 119B76782906976F00530C80 /* SureBackUITestsLaunchTests.swift */; };
		119B76862906979B00530C80 /* .gitignore in Resources */ = {isa = PBXBuildFile; fileRef = 119B76852906979B00530C80 /* .gitignore */; };
		11B2DD2F2907CF760065E98D /* APICall.swift in Sources */ = {isa = PBXBuildFile; fileRef = 11B2DD2E2907CF760065E98D /* APICall.swift */; };
		1619BB272918B5E800085B74 /* AuthManager.swift in Sources */ = {isa = PBXBuildFile; fileRef = 1619BB262918B5E800085B74 /* AuthManager.swift */; };
		1619BB292919082700085B74 /* TabBarViewController.swift in Sources */ = {isa = PBXBuildFile; fileRef = 1619BB282919082700085B74 /* TabBarViewController.swift */; };
		1619BB2B2919B74800085B74 /* RegistrationViewController.swift in Sources */ = {isa = PBXBuildFile; fileRef = 1619BB2A2919B74800085B74 /* RegistrationViewController.swift */; };
		1619BB2E2919D9DC00085B74 /* UIView+Ext.swift in Sources */ = {isa = PBXBuildFile; fileRef = 1619BB2D2919D9DC00085B74 /* UIView+Ext.swift */; };
		1619BB302919FCF700085B74 /* ConfirmRegistrationViewController.swift in Sources */ = {isa = PBXBuildFile; fileRef = 1619BB2F2919FCF700085B74 /* ConfirmRegistrationViewController.swift */; };
		1619BB32291B500300085B74 /* UIViewController+Ext.swift in Sources */ = {isa = PBXBuildFile; fileRef = 1619BB31291B500300085B74 /* UIViewController+Ext.swift */; };
		16930E3D290FB8C7003DFEBE /* RequestInstagramOTPResponse.swift in Sources */ = {isa = PBXBuildFile; fileRef = 16930E3C290FB8C7003DFEBE /* RequestInstagramOTPResponse.swift */; };
		16930E3F290FBB27003DFEBE /* AuthResponse.swift in Sources */ = {isa = PBXBuildFile; fileRef = 16930E3E290FBB27003DFEBE /* AuthResponse.swift */; };
		1694878829104CE70088821C /* KeychainHelper.swift in Sources */ = {isa = PBXBuildFile; fileRef = 1694878729104CE70088821C /* KeychainHelper.swift */; };
		16A8AD1D2915674700532374 /* ApproveOrRejectStoryResponse.swift in Sources */ = {isa = PBXBuildFile; fileRef = 16A8AD1C2915674700532374 /* ApproveOrRejectStoryResponse.swift */; };
		16BD919E291C58860010731E /* UIScreen+Ext.swift in Sources */ = {isa = PBXBuildFile; fileRef = 16BD919D291C58860010731E /* UIScreen+Ext.swift */; };
		16BD91A3291D52610010731E /* CoinHistoryCardView.swift in Sources */ = {isa = PBXBuildFile; fileRef = 16BD91A2291D52610010731E /* CoinHistoryCardView.swift */; };
		16BD91A5291D527C0010731E /* BussinesStatusCardView.swift in Sources */ = {isa = PBXBuildFile; fileRef = 16BD91A4291D527C0010731E /* BussinesStatusCardView.swift */; };
		16BD91A7291D52E30010731E /* StoryTableViewCell.swift in Sources */ = {isa = PBXBuildFile; fileRef = 16BD91A6291D52E30010731E /* StoryTableViewCell.swift */; };
		16BD91A9291D534C0010731E /* HeaderMerchantDashboardView.swift in Sources */ = {isa = PBXBuildFile; fileRef = 16BD91A8291D534C0010731E /* HeaderMerchantDashboardView.swift */; };
		16BD91AB291E88790010731E /* ItemStoryCollectionViewCell.swift in Sources */ = {isa = PBXBuildFile; fileRef = 16BD91AA291E88790010731E /* ItemStoryCollectionViewCell.swift */; };
		16BD91AD291E93270010731E /* MerchantDashboardViewController.swift in Sources */ = {isa = PBXBuildFile; fileRef = 16BD91AC291E93270010731E /* MerchantDashboardViewController.swift */; };
		2DDDD70EABE69B42303C1AED /* Pods_SureBackTests.framework in Frameworks */ = {isa = PBXBuildFile; fileRef = A66D292D4EC5148560DFAB1C /* Pods_SureBackTests.framework */; };
		8A2D3CC34125394E06212A07 /* Pods_SureBack.framework in Frameworks */ = {isa = PBXBuildFile; fileRef = BB6F53CE101281D823C272BB /* Pods_SureBack.framework */; };
		9CCB778BAEA00AE5C43FB920 /* Pods_SureBack_SureBackUITests.framework in Frameworks */ = {isa = PBXBuildFile; fileRef = 3E2508592815CBCC9B194E91 /* Pods_SureBack_SureBackUITests.framework */; };
		AC00FA35290A5D3600B6347D /* ScanQrViewController.swift in Sources */ = {isa = PBXBuildFile; fileRef = AC00FA34290A5D3600B6347D /* ScanQrViewController.swift */; };
		AC04BD80290995AD00635147 /* Function.swift in Sources */ = {isa = PBXBuildFile; fileRef = AC04BD7F290995AD00635147 /* Function.swift */; };
		AC12F573291BF21D0096CB5A /* CustomerDashboardViewController.swift in Sources */ = {isa = PBXBuildFile; fileRef = AC12F572291BF21D0096CB5A /* CustomerDashboardViewController.swift */; };
		AC12F575291C29E10096CB5A /* ItemMerchantTableViewCell.swift in Sources */ = {isa = PBXBuildFile; fileRef = AC12F574291C29E10096CB5A /* ItemMerchantTableViewCell.swift */; };
		AC12F579291D3FBB0096CB5A /* CustomerHistoryViewController.swift in Sources */ = {isa = PBXBuildFile; fileRef = AC12F578291D3FBB0096CB5A /* CustomerHistoryViewController.swift */; };
		AC1A6CBB291B43E700A99BB1 /* MerchantGenerateTokenViewController.swift in Sources */ = {isa = PBXBuildFile; fileRef = AC1A6CBA291B43E700A99BB1 /* MerchantGenerateTokenViewController.swift */; };
		AC22879429182E8E00397ED0 /* ShowQRViewController.swift in Sources */ = {isa = PBXBuildFile; fileRef = AC22879329182E8E00397ED0 /* ShowQRViewController.swift */; };
		AC22879A2918521F00397ED0 /* LoggedInViewController.swift in Sources */ = {isa = PBXBuildFile; fileRef = AC2287992918521F00397ED0 /* LoggedInViewController.swift */; };
		AC2AC1BD291F3C5B00E9F8A7 /* ActiveTokenCardView.swift in Sources */ = {isa = PBXBuildFile; fileRef = AC2AC1BC291F3C5B00E9F8A7 /* ActiveTokenCardView.swift */; };
		AC3FEDCC2908346C0011202E /* RequestFunction.swift in Sources */ = {isa = PBXBuildFile; fileRef = AC3FEDCB2908346C0011202E /* RequestFunction.swift */; };
		AC3FEDCE290834EA0011202E /* JSONNull.swift in Sources */ = {isa = PBXBuildFile; fileRef = AC3FEDCD290834EA0011202E /* JSONNull.swift */; };
		AC59F885291F50B5000F8345 /* HeaderCustomerDashboardView.swift in Sources */ = {isa = PBXBuildFile; fileRef = AC59F884291F50B5000F8345 /* HeaderCustomerDashboardView.swift */; };
		AC59F88B291F8117000F8345 /* Token.swift in Sources */ = {isa = PBXBuildFile; fileRef = AC59F88A291F8117000F8345 /* Token.swift */; };
		AC59F88D29202888000F8345 /* IsLoginViewController.swift in Sources */ = {isa = PBXBuildFile; fileRef = AC59F88C29202888000F8345 /* IsLoginViewController.swift */; };
		AC59F892292057CE000F8345 /* HeaderCustomerHistoryView.swift in Sources */ = {isa = PBXBuildFile; fileRef = AC59F891292057CE000F8345 /* HeaderCustomerHistoryView.swift */; };
		AC59F89429206137000F8345 /* ItemCustomerHistoryTableViewCell.swift in Sources */ = {isa = PBXBuildFile; fileRef = AC59F89329206137000F8345 /* ItemCustomerHistoryTableViewCell.swift */; };
		AC59F89629207256000F8345 /* FooterCustomerHistoryView.swift in Sources */ = {isa = PBXBuildFile; fileRef = AC59F89529207256000F8345 /* FooterCustomerHistoryView.swift */; };
		AC67ABE7291515150042FECF /* MerchantDetailResponse.swift in Sources */ = {isa = PBXBuildFile; fileRef = AC67ABE6291515150042FECF /* MerchantDetailResponse.swift */; };
		ACC1C0FA29141E94003E2FD8 /* GoogleService-Info.plist in Resources */ = {isa = PBXBuildFile; fileRef = ACC1C0F929141E93003E2FD8 /* GoogleService-Info.plist */; };
		ACDD097A29128F1E00309FBC /* Transaction.swift in Sources */ = {isa = PBXBuildFile; fileRef = ACDD097929128F1E00309FBC /* Transaction.swift */; };
		ACE5CDA42912704800D08177 /* UserInfoResponse.swift in Sources */ = {isa = PBXBuildFile; fileRef = ACE5CDA32912704800D08177 /* UserInfoResponse.swift */; };
		ACE5CDA62912711D00D08177 /* GenerateTokenOnlineResponse.swift in Sources */ = {isa = PBXBuildFile; fileRef = ACE5CDA52912711D00D08177 /* GenerateTokenOnlineResponse.swift */; };
		ACE5CDA82912716B00D08177 /* ScanQrResponse.swift in Sources */ = {isa = PBXBuildFile; fileRef = ACE5CDA72912716B00D08177 /* ScanQrResponse.swift */; };
		ACE5CDAA291271AB00D08177 /* ProfileIGResponse.swift in Sources */ = {isa = PBXBuildFile; fileRef = ACE5CDA9291271AB00D08177 /* ProfileIGResponse.swift */; };
		ACE5CDAC2912722800D08177 /* MentionStoryIGResponse.swift in Sources */ = {isa = PBXBuildFile; fileRef = ACE5CDAB2912722800D08177 /* MentionStoryIGResponse.swift */; };
		ACE5CDB029127E6200D08177 /* ResponseData.swift in Sources */ = {isa = PBXBuildFile; fileRef = ACE5CDAF29127E6200D08177 /* ResponseData.swift */; };
		ACE8C3592916267800BEA778 /* LoginViewController.swift in Sources */ = {isa = PBXBuildFile; fileRef = ACE8C3582916267800BEA778 /* LoginViewController.swift */; };
		ACE8C35B2916D60700BEA778 /* DummyViewController.swift in Sources */ = {isa = PBXBuildFile; fileRef = ACE8C35A2916D60700BEA778 /* DummyViewController.swift */; };
/* End PBXBuildFile section */

/* Begin PBXContainerItemProxy section */
		119B76692906976F00530C80 /* PBXContainerItemProxy */ = {
			isa = PBXContainerItemProxy;
			containerPortal = 119B764A2906976E00530C80 /* Project object */;
			proxyType = 1;
			remoteGlobalIDString = 119B76512906976E00530C80;
			remoteInfo = SureBack;
		};
		119B76732906976F00530C80 /* PBXContainerItemProxy */ = {
			isa = PBXContainerItemProxy;
			containerPortal = 119B764A2906976E00530C80 /* Project object */;
			proxyType = 1;
			remoteGlobalIDString = 119B76512906976E00530C80;
			remoteInfo = SureBack;
		};
/* End PBXContainerItemProxy section */

/* Begin PBXFileReference section */
		1101ABBD2906AE8200F15996 /* .swiftlint.yml */ = {isa = PBXFileReference; lastKnownFileType = text.yaml; path = .swiftlint.yml; sourceTree = "<group>"; };
		119B76522906976E00530C80 /* SureBack.app */ = {isa = PBXFileReference; explicitFileType = wrapper.application; includeInIndex = 0; path = SureBack.app; sourceTree = BUILT_PRODUCTS_DIR; };
		119B76552906976E00530C80 /* AppDelegate.swift */ = {isa = PBXFileReference; lastKnownFileType = sourcecode.swift; path = AppDelegate.swift; sourceTree = "<group>"; };
		119B76592906976E00530C80 /* ViewController.swift */ = {isa = PBXFileReference; lastKnownFileType = sourcecode.swift; path = ViewController.swift; sourceTree = "<group>"; };
		119B765E2906976F00530C80 /* Assets.xcassets */ = {isa = PBXFileReference; lastKnownFileType = folder.assetcatalog; path = Assets.xcassets; sourceTree = "<group>"; };
		119B76612906976F00530C80 /* Base */ = {isa = PBXFileReference; lastKnownFileType = file.storyboard; name = Base; path = Base.lproj/LaunchScreen.storyboard; sourceTree = "<group>"; };
		119B76632906976F00530C80 /* Info.plist */ = {isa = PBXFileReference; lastKnownFileType = text.plist.xml; path = Info.plist; sourceTree = "<group>"; };
		119B76682906976F00530C80 /* SureBackTests.xctest */ = {isa = PBXFileReference; explicitFileType = wrapper.cfbundle; includeInIndex = 0; path = SureBackTests.xctest; sourceTree = BUILT_PRODUCTS_DIR; };
		119B766C2906976F00530C80 /* SureBackTests.swift */ = {isa = PBXFileReference; lastKnownFileType = sourcecode.swift; path = SureBackTests.swift; sourceTree = "<group>"; };
		119B76722906976F00530C80 /* SureBackUITests.xctest */ = {isa = PBXFileReference; explicitFileType = wrapper.cfbundle; includeInIndex = 0; path = SureBackUITests.xctest; sourceTree = BUILT_PRODUCTS_DIR; };
		119B76762906976F00530C80 /* SureBackUITests.swift */ = {isa = PBXFileReference; lastKnownFileType = sourcecode.swift; path = SureBackUITests.swift; sourceTree = "<group>"; };
		119B76782906976F00530C80 /* SureBackUITestsLaunchTests.swift */ = {isa = PBXFileReference; lastKnownFileType = sourcecode.swift; path = SureBackUITestsLaunchTests.swift; sourceTree = "<group>"; };
		119B76852906979B00530C80 /* .gitignore */ = {isa = PBXFileReference; lastKnownFileType = text; path = .gitignore; sourceTree = "<group>"; };
		11B2DD2E2907CF760065E98D /* APICall.swift */ = {isa = PBXFileReference; lastKnownFileType = sourcecode.swift; path = APICall.swift; sourceTree = "<group>"; };
		1619BB262918B5E800085B74 /* AuthManager.swift */ = {isa = PBXFileReference; lastKnownFileType = sourcecode.swift; path = AuthManager.swift; sourceTree = "<group>"; };
		1619BB282919082700085B74 /* TabBarViewController.swift */ = {isa = PBXFileReference; lastKnownFileType = sourcecode.swift; path = TabBarViewController.swift; sourceTree = "<group>"; };
		1619BB2A2919B74800085B74 /* RegistrationViewController.swift */ = {isa = PBXFileReference; lastKnownFileType = sourcecode.swift; path = RegistrationViewController.swift; sourceTree = "<group>"; };
		1619BB2D2919D9DC00085B74 /* UIView+Ext.swift */ = {isa = PBXFileReference; lastKnownFileType = sourcecode.swift; path = "UIView+Ext.swift"; sourceTree = "<group>"; };
		1619BB2F2919FCF700085B74 /* ConfirmRegistrationViewController.swift */ = {isa = PBXFileReference; lastKnownFileType = sourcecode.swift; path = ConfirmRegistrationViewController.swift; sourceTree = "<group>"; };
		1619BB31291B500300085B74 /* UIViewController+Ext.swift */ = {isa = PBXFileReference; lastKnownFileType = sourcecode.swift; path = "UIViewController+Ext.swift"; sourceTree = "<group>"; };
		16930E3C290FB8C7003DFEBE /* RequestInstagramOTPResponse.swift */ = {isa = PBXFileReference; lastKnownFileType = sourcecode.swift; path = RequestInstagramOTPResponse.swift; sourceTree = "<group>"; };
		16930E3E290FBB27003DFEBE /* AuthResponse.swift */ = {isa = PBXFileReference; lastKnownFileType = sourcecode.swift; path = AuthResponse.swift; sourceTree = "<group>"; };
		1694878729104CE70088821C /* KeychainHelper.swift */ = {isa = PBXFileReference; lastKnownFileType = sourcecode.swift; path = KeychainHelper.swift; sourceTree = "<group>"; };
		16A8AD1C2915674700532374 /* ApproveOrRejectStoryResponse.swift */ = {isa = PBXFileReference; lastKnownFileType = sourcecode.swift; path = ApproveOrRejectStoryResponse.swift; sourceTree = "<group>"; };
		16BD919D291C58860010731E /* UIScreen+Ext.swift */ = {isa = PBXFileReference; lastKnownFileType = sourcecode.swift; path = "UIScreen+Ext.swift"; sourceTree = "<group>"; };
		16BD91A2291D52610010731E /* CoinHistoryCardView.swift */ = {isa = PBXFileReference; lastKnownFileType = sourcecode.swift; path = CoinHistoryCardView.swift; sourceTree = "<group>"; };
		16BD91A4291D527C0010731E /* BussinesStatusCardView.swift */ = {isa = PBXFileReference; lastKnownFileType = sourcecode.swift; path = BussinesStatusCardView.swift; sourceTree = "<group>"; };
		16BD91A6291D52E30010731E /* StoryTableViewCell.swift */ = {isa = PBXFileReference; lastKnownFileType = sourcecode.swift; path = StoryTableViewCell.swift; sourceTree = "<group>"; };
		16BD91A8291D534C0010731E /* HeaderMerchantDashboardView.swift */ = {isa = PBXFileReference; lastKnownFileType = sourcecode.swift; path = HeaderMerchantDashboardView.swift; sourceTree = "<group>"; };
		16BD91AA291E88790010731E /* ItemStoryCollectionViewCell.swift */ = {isa = PBXFileReference; lastKnownFileType = sourcecode.swift; path = ItemStoryCollectionViewCell.swift; sourceTree = "<group>"; };
		16BD91AC291E93270010731E /* MerchantDashboardViewController.swift */ = {isa = PBXFileReference; fileEncoding = 4; lastKnownFileType = sourcecode.swift; path = MerchantDashboardViewController.swift; sourceTree = "<group>"; };
		3E2508592815CBCC9B194E91 /* Pods_SureBack_SureBackUITests.framework */ = {isa = PBXFileReference; explicitFileType = wrapper.framework; includeInIndex = 0; path = Pods_SureBack_SureBackUITests.framework; sourceTree = BUILT_PRODUCTS_DIR; };
		45FB4E7EBF11E0E918FCC83A /* Pods-SureBack.release.xcconfig */ = {isa = PBXFileReference; includeInIndex = 1; lastKnownFileType = text.xcconfig; name = "Pods-SureBack.release.xcconfig"; path = "Target Support Files/Pods-SureBack/Pods-SureBack.release.xcconfig"; sourceTree = "<group>"; };
		5F47E67A5BE033AB27E63DDB /* Pods-SureBackTests.debug.xcconfig */ = {isa = PBXFileReference; includeInIndex = 1; lastKnownFileType = text.xcconfig; name = "Pods-SureBackTests.debug.xcconfig"; path = "Target Support Files/Pods-SureBackTests/Pods-SureBackTests.debug.xcconfig"; sourceTree = "<group>"; };
		73CC351507311C50D6787E9F /* Pods-SureBack-SureBackUITests.debug.xcconfig */ = {isa = PBXFileReference; includeInIndex = 1; lastKnownFileType = text.xcconfig; name = "Pods-SureBack-SureBackUITests.debug.xcconfig"; path = "Target Support Files/Pods-SureBack-SureBackUITests/Pods-SureBack-SureBackUITests.debug.xcconfig"; sourceTree = "<group>"; };
		789F6AEA539E68F7FD5E5C81 /* Pods-SureBack.debug.xcconfig */ = {isa = PBXFileReference; includeInIndex = 1; lastKnownFileType = text.xcconfig; name = "Pods-SureBack.debug.xcconfig"; path = "Target Support Files/Pods-SureBack/Pods-SureBack.debug.xcconfig"; sourceTree = "<group>"; };
		80439164880B2D80FB83B23C /* Pods-SureBack-SureBackUITests.release.xcconfig */ = {isa = PBXFileReference; includeInIndex = 1; lastKnownFileType = text.xcconfig; name = "Pods-SureBack-SureBackUITests.release.xcconfig"; path = "Target Support Files/Pods-SureBack-SureBackUITests/Pods-SureBack-SureBackUITests.release.xcconfig"; sourceTree = "<group>"; };
		956FF58F6BF05A02F4470599 /* Pods-SureBackTests.release.xcconfig */ = {isa = PBXFileReference; includeInIndex = 1; lastKnownFileType = text.xcconfig; name = "Pods-SureBackTests.release.xcconfig"; path = "Target Support Files/Pods-SureBackTests/Pods-SureBackTests.release.xcconfig"; sourceTree = "<group>"; };
		A66D292D4EC5148560DFAB1C /* Pods_SureBackTests.framework */ = {isa = PBXFileReference; explicitFileType = wrapper.framework; includeInIndex = 0; path = Pods_SureBackTests.framework; sourceTree = BUILT_PRODUCTS_DIR; };
		AC00FA34290A5D3600B6347D /* ScanQrViewController.swift */ = {isa = PBXFileReference; lastKnownFileType = sourcecode.swift; path = ScanQrViewController.swift; sourceTree = "<group>"; };
		AC04BD7F290995AD00635147 /* Function.swift */ = {isa = PBXFileReference; lastKnownFileType = sourcecode.swift; path = Function.swift; sourceTree = "<group>"; };
		AC12F572291BF21D0096CB5A /* CustomerDashboardViewController.swift */ = {isa = PBXFileReference; lastKnownFileType = sourcecode.swift; path = CustomerDashboardViewController.swift; sourceTree = "<group>"; };
		AC12F574291C29E10096CB5A /* ItemMerchantTableViewCell.swift */ = {isa = PBXFileReference; lastKnownFileType = sourcecode.swift; path = ItemMerchantTableViewCell.swift; sourceTree = "<group>"; };
		AC12F578291D3FBB0096CB5A /* CustomerHistoryViewController.swift */ = {isa = PBXFileReference; lastKnownFileType = sourcecode.swift; path = CustomerHistoryViewController.swift; sourceTree = "<group>"; };
		AC1A6CBA291B43E700A99BB1 /* MerchantGenerateTokenViewController.swift */ = {isa = PBXFileReference; lastKnownFileType = sourcecode.swift; path = MerchantGenerateTokenViewController.swift; sourceTree = "<group>"; };
		AC22879329182E8E00397ED0 /* ShowQRViewController.swift */ = {isa = PBXFileReference; lastKnownFileType = sourcecode.swift; path = ShowQRViewController.swift; sourceTree = "<group>"; };
		AC2287992918521F00397ED0 /* LoggedInViewController.swift */ = {isa = PBXFileReference; lastKnownFileType = sourcecode.swift; path = LoggedInViewController.swift; sourceTree = "<group>"; };
		AC2AC1BC291F3C5B00E9F8A7 /* ActiveTokenCardView.swift */ = {isa = PBXFileReference; lastKnownFileType = sourcecode.swift; path = ActiveTokenCardView.swift; sourceTree = "<group>"; };
		AC3FEDCB2908346C0011202E /* RequestFunction.swift */ = {isa = PBXFileReference; lastKnownFileType = sourcecode.swift; path = RequestFunction.swift; sourceTree = "<group>"; };
		AC3FEDCD290834EA0011202E /* JSONNull.swift */ = {isa = PBXFileReference; lastKnownFileType = sourcecode.swift; path = JSONNull.swift; sourceTree = "<group>"; };
		AC59F884291F50B5000F8345 /* HeaderCustomerDashboardView.swift */ = {isa = PBXFileReference; lastKnownFileType = sourcecode.swift; path = HeaderCustomerDashboardView.swift; sourceTree = "<group>"; };
		AC59F88A291F8117000F8345 /* Token.swift */ = {isa = PBXFileReference; lastKnownFileType = sourcecode.swift; path = Token.swift; sourceTree = "<group>"; };
		AC59F88C29202888000F8345 /* IsLoginViewController.swift */ = {isa = PBXFileReference; lastKnownFileType = sourcecode.swift; path = IsLoginViewController.swift; sourceTree = "<group>"; };
		AC59F891292057CE000F8345 /* HeaderCustomerHistoryView.swift */ = {isa = PBXFileReference; lastKnownFileType = sourcecode.swift; path = HeaderCustomerHistoryView.swift; sourceTree = "<group>"; };
		AC59F89329206137000F8345 /* ItemCustomerHistoryTableViewCell.swift */ = {isa = PBXFileReference; lastKnownFileType = sourcecode.swift; path = ItemCustomerHistoryTableViewCell.swift; sourceTree = "<group>"; };
		AC59F89529207256000F8345 /* FooterCustomerHistoryView.swift */ = {isa = PBXFileReference; lastKnownFileType = sourcecode.swift; path = FooterCustomerHistoryView.swift; sourceTree = "<group>"; };
		AC67ABE6291515150042FECF /* MerchantDetailResponse.swift */ = {isa = PBXFileReference; lastKnownFileType = sourcecode.swift; path = MerchantDetailResponse.swift; sourceTree = "<group>"; };
		ACC1C0F829141D71003E2FD8 /* SureBack.entitlements */ = {isa = PBXFileReference; lastKnownFileType = text.plist.entitlements; path = SureBack.entitlements; sourceTree = "<group>"; };
		ACC1C0F929141E93003E2FD8 /* GoogleService-Info.plist */ = {isa = PBXFileReference; fileEncoding = 4; lastKnownFileType = text.plist.xml; path = "GoogleService-Info.plist"; sourceTree = "<group>"; };
		ACDD097929128F1E00309FBC /* Transaction.swift */ = {isa = PBXFileReference; lastKnownFileType = sourcecode.swift; path = Transaction.swift; sourceTree = "<group>"; };
		ACE5CDA32912704800D08177 /* UserInfoResponse.swift */ = {isa = PBXFileReference; lastKnownFileType = sourcecode.swift; path = UserInfoResponse.swift; sourceTree = "<group>"; };
		ACE5CDA52912711D00D08177 /* GenerateTokenOnlineResponse.swift */ = {isa = PBXFileReference; lastKnownFileType = sourcecode.swift; path = GenerateTokenOnlineResponse.swift; sourceTree = "<group>"; };
		ACE5CDA72912716B00D08177 /* ScanQrResponse.swift */ = {isa = PBXFileReference; lastKnownFileType = sourcecode.swift; path = ScanQrResponse.swift; sourceTree = "<group>"; };
		ACE5CDA9291271AB00D08177 /* ProfileIGResponse.swift */ = {isa = PBXFileReference; lastKnownFileType = sourcecode.swift; path = ProfileIGResponse.swift; sourceTree = "<group>"; };
		ACE5CDAB2912722800D08177 /* MentionStoryIGResponse.swift */ = {isa = PBXFileReference; lastKnownFileType = sourcecode.swift; path = MentionStoryIGResponse.swift; sourceTree = "<group>"; };
		ACE5CDAF29127E6200D08177 /* ResponseData.swift */ = {isa = PBXFileReference; lastKnownFileType = sourcecode.swift; path = ResponseData.swift; sourceTree = "<group>"; };
		ACE8C3582916267800BEA778 /* LoginViewController.swift */ = {isa = PBXFileReference; lastKnownFileType = sourcecode.swift; path = LoginViewController.swift; sourceTree = "<group>"; };
		ACE8C35A2916D60700BEA778 /* DummyViewController.swift */ = {isa = PBXFileReference; lastKnownFileType = sourcecode.swift; path = DummyViewController.swift; sourceTree = "<group>"; };
		BB6F53CE101281D823C272BB /* Pods_SureBack.framework */ = {isa = PBXFileReference; explicitFileType = wrapper.framework; includeInIndex = 0; path = Pods_SureBack.framework; sourceTree = BUILT_PRODUCTS_DIR; };
/* End PBXFileReference section */

/* Begin PBXFrameworksBuildPhase section */
		119B764F2906976E00530C80 /* Frameworks */ = {
			isa = PBXFrameworksBuildPhase;
			buildActionMask = 2147483647;
			files = (
				8A2D3CC34125394E06212A07 /* Pods_SureBack.framework in Frameworks */,
			);
			runOnlyForDeploymentPostprocessing = 0;
		};
		119B76652906976F00530C80 /* Frameworks */ = {
			isa = PBXFrameworksBuildPhase;
			buildActionMask = 2147483647;
			files = (
				2DDDD70EABE69B42303C1AED /* Pods_SureBackTests.framework in Frameworks */,
			);
			runOnlyForDeploymentPostprocessing = 0;
		};
		119B766F2906976F00530C80 /* Frameworks */ = {
			isa = PBXFrameworksBuildPhase;
			buildActionMask = 2147483647;
			files = (
				9CCB778BAEA00AE5C43FB920 /* Pods_SureBack_SureBackUITests.framework in Frameworks */,
			);
			runOnlyForDeploymentPostprocessing = 0;
		};
/* End PBXFrameworksBuildPhase section */

/* Begin PBXGroup section */
		119B76492906976E00530C80 = {
			isa = PBXGroup;
			children = (
				119B76542906976E00530C80 /* SureBack */,
				119B766B2906976F00530C80 /* SureBackTests */,
				119B76752906976F00530C80 /* SureBackUITests */,
				119B76852906979B00530C80 /* .gitignore */,
				1101ABBD2906AE8200F15996 /* .swiftlint.yml */,
				119B76532906976E00530C80 /* Products */,
				D3D0951AA4B7EF45A5C42768 /* Pods */,
				DEA32E22299B86F87A65CCFC /* Frameworks */,
			);
			sourceTree = "<group>";
		};
		119B76532906976E00530C80 /* Products */ = {
			isa = PBXGroup;
			children = (
				119B76522906976E00530C80 /* SureBack.app */,
				119B76682906976F00530C80 /* SureBackTests.xctest */,
				119B76722906976F00530C80 /* SureBackUITests.xctest */,
			);
			name = Products;
			sourceTree = "<group>";
		};
		119B76542906976E00530C80 /* SureBack */ = {
			isa = PBXGroup;
			children = (
				16BD919F291D521D0010731E /* Views */,
				1619BB2C2919D9C600085B74 /* Extension */,
				ACC1C0F929141E93003E2FD8 /* GoogleService-Info.plist */,
				ACC1C0F829141D71003E2FD8 /* SureBack.entitlements */,
				11B2DD2B2907CF490065E98D /* Core */,
				119B76552906976E00530C80 /* AppDelegate.swift */,
				1619BB262918B5E800085B74 /* AuthManager.swift */,
				119B76592906976E00530C80 /* ViewController.swift */,
				119B765E2906976F00530C80 /* Assets.xcassets */,
				119B76602906976F00530C80 /* LaunchScreen.storyboard */,
				119B76632906976F00530C80 /* Info.plist */,
				AC04BD7F290995AD00635147 /* Function.swift */,
				AC00FA34290A5D3600B6347D /* ScanQrViewController.swift */,
				ACE8C35A2916D60700BEA778 /* DummyViewController.swift */,
				ACE8C3582916267800BEA778 /* LoginViewController.swift */,
				1619BB282919082700085B74 /* TabBarViewController.swift */,
				1619BB2A2919B74800085B74 /* RegistrationViewController.swift */,
				AC2287992918521F00397ED0 /* LoggedInViewController.swift */,
				1619BB2F2919FCF700085B74 /* ConfirmRegistrationViewController.swift */,
				AC22879329182E8E00397ED0 /* ShowQRViewController.swift */,
				AC1A6CBA291B43E700A99BB1 /* MerchantGenerateTokenViewController.swift */,
				AC59F88C29202888000F8345 /* IsLoginViewController.swift */,
			);
			path = SureBack;
			sourceTree = "<group>";
		};
		119B766B2906976F00530C80 /* SureBackTests */ = {
			isa = PBXGroup;
			children = (
				119B766C2906976F00530C80 /* SureBackTests.swift */,
			);
			path = SureBackTests;
			sourceTree = "<group>";
		};
		119B76752906976F00530C80 /* SureBackUITests */ = {
			isa = PBXGroup;
			children = (
				119B76762906976F00530C80 /* SureBackUITests.swift */,
				119B76782906976F00530C80 /* SureBackUITestsLaunchTests.swift */,
			);
			path = SureBackUITests;
			sourceTree = "<group>";
		};
		11B2DD2B2907CF490065E98D /* Core */ = {
			isa = PBXGroup;
			children = (
				AC3FEDCB2908346C0011202E /* RequestFunction.swift */,
				11B2DD2C2907CF500065E98D /* Utils */,
			);
			path = Core;
			sourceTree = "<group>";
		};
		11B2DD2C2907CF500065E98D /* Utils */ = {
			isa = PBXGroup;
			children = (
				16930E39290FB2D0003DFEBE /* Models */,
				11B2DD2D2907CF6C0065E98D /* Networks */,
				1694878729104CE70088821C /* KeychainHelper.swift */,
				AC3FEDCD290834EA0011202E /* JSONNull.swift */,
			);
			path = Utils;
			sourceTree = "<group>";
		};
		11B2DD2D2907CF6C0065E98D /* Networks */ = {
			isa = PBXGroup;
			children = (
				11B2DD2E2907CF760065E98D /* APICall.swift */,
			);
			path = Networks;
			sourceTree = "<group>";
		};
		1619BB2C2919D9C600085B74 /* Extension */ = {
			isa = PBXGroup;
			children = (
				1619BB2D2919D9DC00085B74 /* UIView+Ext.swift */,
				1619BB31291B500300085B74 /* UIViewController+Ext.swift */,
				16BD919D291C58860010731E /* UIScreen+Ext.swift */,
			);
			path = Extension;
			sourceTree = "<group>";
		};
		16930E39290FB2D0003DFEBE /* Models */ = {
			isa = PBXGroup;
			children = (
				16930E3C290FB8C7003DFEBE /* RequestInstagramOTPResponse.swift */,
				16930E3E290FBB27003DFEBE /* AuthResponse.swift */,
				ACE5CDA32912704800D08177 /* UserInfoResponse.swift */,
				ACE5CDA52912711D00D08177 /* GenerateTokenOnlineResponse.swift */,
				ACE5CDA72912716B00D08177 /* ScanQrResponse.swift */,
				ACE5CDA9291271AB00D08177 /* ProfileIGResponse.swift */,
				ACE5CDAB2912722800D08177 /* MentionStoryIGResponse.swift */,
				ACE5CDAF29127E6200D08177 /* ResponseData.swift */,
				ACDD097929128F1E00309FBC /* Transaction.swift */,
				16A8AD1C2915674700532374 /* ApproveOrRejectStoryResponse.swift */,
				AC67ABE6291515150042FECF /* MerchantDetailResponse.swift */,
				AC59F88A291F8117000F8345 /* Token.swift */,
			);
			path = Models;
			sourceTree = "<group>";
		};
		16BD919F291D521D0010731E /* Views */ = {
			isa = PBXGroup;
			children = (
				AC59F88E29205480000F8345 /* Customer */,
				16BD91A0291D52280010731E /* MerchantDashboard */,
			);
			path = Views;
			sourceTree = "<group>";
		};
		16BD91A0291D52280010731E /* MerchantDashboard */ = {
			isa = PBXGroup;
			children = (
				16BD91AC291E93270010731E /* MerchantDashboardViewController.swift */,
				16BD91A1291D52380010731E /* Components */,
			);
			path = MerchantDashboard;
			sourceTree = "<group>";
		};
		16BD91A1291D52380010731E /* Components */ = {
			isa = PBXGroup;
			children = (
				16BD91A2291D52610010731E /* CoinHistoryCardView.swift */,
				16BD91A4291D527C0010731E /* BussinesStatusCardView.swift */,
				16BD91A6291D52E30010731E /* StoryTableViewCell.swift */,
				16BD91A8291D534C0010731E /* HeaderMerchantDashboardView.swift */,
				16BD91AA291E88790010731E /* ItemStoryCollectionViewCell.swift */,
			);
			path = Components;
			sourceTree = "<group>";
		};
		AC2AC1B8291F391400E9F8A7 /* CustomerDashboard */ = {
			isa = PBXGroup;
			children = (
				AC2AC1B9291F399400E9F8A7 /* Components */,
				AC12F572291BF21D0096CB5A /* CustomerDashboardViewController.swift */,
			);
			path = CustomerDashboard;
			sourceTree = "<group>";
		};
		AC2AC1B9291F399400E9F8A7 /* Components */ = {
			isa = PBXGroup;
			children = (
				AC2AC1BC291F3C5B00E9F8A7 /* ActiveTokenCardView.swift */,
				AC59F884291F50B5000F8345 /* HeaderCustomerDashboardView.swift */,
				AC12F574291C29E10096CB5A /* ItemMerchantTableViewCell.swift */,
			);
			path = Components;
			sourceTree = "<group>";
		};
		AC59F88E29205480000F8345 /* Customer */ = {
			isa = PBXGroup;
			children = (
				AC59F88F292056E8000F8345 /* CustomerHistory */,
				AC2AC1B8291F391400E9F8A7 /* CustomerDashboard */,
			);
			path = Customer;
			sourceTree = "<group>";
		};
		AC59F88F292056E8000F8345 /* CustomerHistory */ = {
			isa = PBXGroup;
			children = (
				AC59F89029205710000F8345 /* Components */,
				AC12F578291D3FBB0096CB5A /* CustomerHistoryViewController.swift */,
			);
			path = CustomerHistory;
			sourceTree = "<group>";
		};
		AC59F89029205710000F8345 /* Components */ = {
			isa = PBXGroup;
			children = (
				AC59F891292057CE000F8345 /* HeaderCustomerHistoryView.swift */,
				AC59F89329206137000F8345 /* ItemCustomerHistoryTableViewCell.swift */,
				AC59F89529207256000F8345 /* FooterCustomerHistoryView.swift */,
			);
			path = Components;
			sourceTree = "<group>";
		};
		D3D0951AA4B7EF45A5C42768 /* Pods */ = {
			isa = PBXGroup;
			children = (
				789F6AEA539E68F7FD5E5C81 /* Pods-SureBack.debug.xcconfig */,
				45FB4E7EBF11E0E918FCC83A /* Pods-SureBack.release.xcconfig */,
				73CC351507311C50D6787E9F /* Pods-SureBack-SureBackUITests.debug.xcconfig */,
				80439164880B2D80FB83B23C /* Pods-SureBack-SureBackUITests.release.xcconfig */,
				5F47E67A5BE033AB27E63DDB /* Pods-SureBackTests.debug.xcconfig */,
				956FF58F6BF05A02F4470599 /* Pods-SureBackTests.release.xcconfig */,
			);
			path = Pods;
			sourceTree = "<group>";
		};
		DEA32E22299B86F87A65CCFC /* Frameworks */ = {
			isa = PBXGroup;
			children = (
				BB6F53CE101281D823C272BB /* Pods_SureBack.framework */,
				3E2508592815CBCC9B194E91 /* Pods_SureBack_SureBackUITests.framework */,
				A66D292D4EC5148560DFAB1C /* Pods_SureBackTests.framework */,
			);
			name = Frameworks;
			sourceTree = "<group>";
		};
/* End PBXGroup section */

/* Begin PBXNativeTarget section */
		119B76512906976E00530C80 /* SureBack */ = {
			isa = PBXNativeTarget;
			buildConfigurationList = 119B767C2906976F00530C80 /* Build configuration list for PBXNativeTarget "SureBack" */;
			buildPhases = (
				59B012C85E7B03C1E493F168 /* [CP] Check Pods Manifest.lock */,
				119B764E2906976E00530C80 /* Sources */,
				119B764F2906976E00530C80 /* Frameworks */,
				119B76502906976E00530C80 /* Resources */,
				F08DB5284108EA7A59FDB696 /* [CP] Embed Pods Frameworks */,
				1101ABBC29069F7000F15996 /* ShellScript */,
			);
			buildRules = (
			);
			dependencies = (
			);
			name = SureBack;
			productName = SureBack;
			productReference = 119B76522906976E00530C80 /* SureBack.app */;
			productType = "com.apple.product-type.application";
		};
		119B76672906976F00530C80 /* SureBackTests */ = {
			isa = PBXNativeTarget;
			buildConfigurationList = 119B767F2906976F00530C80 /* Build configuration list for PBXNativeTarget "SureBackTests" */;
			buildPhases = (
				BB798AD42487779DED9CD932 /* [CP] Check Pods Manifest.lock */,
				119B76642906976F00530C80 /* Sources */,
				119B76652906976F00530C80 /* Frameworks */,
				119B76662906976F00530C80 /* Resources */,
			);
			buildRules = (
			);
			dependencies = (
				119B766A2906976F00530C80 /* PBXTargetDependency */,
			);
			name = SureBackTests;
			productName = SureBackTests;
			productReference = 119B76682906976F00530C80 /* SureBackTests.xctest */;
			productType = "com.apple.product-type.bundle.unit-test";
		};
		119B76712906976F00530C80 /* SureBackUITests */ = {
			isa = PBXNativeTarget;
			buildConfigurationList = 119B76822906976F00530C80 /* Build configuration list for PBXNativeTarget "SureBackUITests" */;
			buildPhases = (
				1F7A7929162B596559751DC6 /* [CP] Check Pods Manifest.lock */,
				119B766E2906976F00530C80 /* Sources */,
				119B766F2906976F00530C80 /* Frameworks */,
				119B76702906976F00530C80 /* Resources */,
				A15196702EE97018E7556E6F /* [CP] Embed Pods Frameworks */,
			);
			buildRules = (
			);
			dependencies = (
				119B76742906976F00530C80 /* PBXTargetDependency */,
			);
			name = SureBackUITests;
			productName = SureBackUITests;
			productReference = 119B76722906976F00530C80 /* SureBackUITests.xctest */;
			productType = "com.apple.product-type.bundle.ui-testing";
		};
/* End PBXNativeTarget section */

/* Begin PBXProject section */
		119B764A2906976E00530C80 /* Project object */ = {
			isa = PBXProject;
			attributes = {
				BuildIndependentTargetsInParallel = 1;
				LastSwiftUpdateCheck = 1410;
				LastUpgradeCheck = 1400;
				TargetAttributes = {
					119B76512906976E00530C80 = {
						CreatedOnToolsVersion = 14.0.1;
					};
					119B76672906976F00530C80 = {
						CreatedOnToolsVersion = 14.0.1;
						TestTargetID = 119B76512906976E00530C80;
					};
					119B76712906976F00530C80 = {
						CreatedOnToolsVersion = 14.0.1;
						TestTargetID = 119B76512906976E00530C80;
					};
				};
			};
			buildConfigurationList = 119B764D2906976E00530C80 /* Build configuration list for PBXProject "SureBack" */;
			compatibilityVersion = "Xcode 14.0";
			developmentRegion = en;
			hasScannedForEncodings = 0;
			knownRegions = (
				en,
				Base,
			);
			mainGroup = 119B76492906976E00530C80;
			productRefGroup = 119B76532906976E00530C80 /* Products */;
			projectDirPath = "";
			projectRoot = "";
			targets = (
				119B76512906976E00530C80 /* SureBack */,
				119B76672906976F00530C80 /* SureBackTests */,
				119B76712906976F00530C80 /* SureBackUITests */,
			);
		};
/* End PBXProject section */

/* Begin PBXResourcesBuildPhase section */
		119B76502906976E00530C80 /* Resources */ = {
			isa = PBXResourcesBuildPhase;
			buildActionMask = 2147483647;
			files = (
				1101ABBE2906AE8200F15996 /* .swiftlint.yml in Resources */,
				119B76862906979B00530C80 /* .gitignore in Resources */,
				ACC1C0FA29141E94003E2FD8 /* GoogleService-Info.plist in Resources */,
				119B76622906976F00530C80 /* LaunchScreen.storyboard in Resources */,
				119B765F2906976F00530C80 /* Assets.xcassets in Resources */,
			);
			runOnlyForDeploymentPostprocessing = 0;
		};
		119B76662906976F00530C80 /* Resources */ = {
			isa = PBXResourcesBuildPhase;
			buildActionMask = 2147483647;
			files = (
			);
			runOnlyForDeploymentPostprocessing = 0;
		};
		119B76702906976F00530C80 /* Resources */ = {
			isa = PBXResourcesBuildPhase;
			buildActionMask = 2147483647;
			files = (
			);
			runOnlyForDeploymentPostprocessing = 0;
		};
/* End PBXResourcesBuildPhase section */

/* Begin PBXShellScriptBuildPhase section */
		1101ABBC29069F7000F15996 /* ShellScript */ = {
			isa = PBXShellScriptBuildPhase;
			alwaysOutOfDate = 1;
			buildActionMask = 12;
			files = (
			);
			inputFileListPaths = (
			);
			inputPaths = (
			);
			outputFileListPaths = (
			);
			outputPaths = (
			);
			runOnlyForDeploymentPostprocessing = 0;
			shellPath = /bin/sh;
			shellScript = "\"${PODS_ROOT}/SwiftLint/swiftlint\"\n";
		};
		1F7A7929162B596559751DC6 /* [CP] Check Pods Manifest.lock */ = {
			isa = PBXShellScriptBuildPhase;
			buildActionMask = 2147483647;
			files = (
			);
			inputFileListPaths = (
			);
			inputPaths = (
				"${PODS_PODFILE_DIR_PATH}/Podfile.lock",
				"${PODS_ROOT}/Manifest.lock",
			);
			name = "[CP] Check Pods Manifest.lock";
			outputFileListPaths = (
			);
			outputPaths = (
				"$(DERIVED_FILE_DIR)/Pods-SureBack-SureBackUITests-checkManifestLockResult.txt",
			);
			runOnlyForDeploymentPostprocessing = 0;
			shellPath = /bin/sh;
			shellScript = "diff \"${PODS_PODFILE_DIR_PATH}/Podfile.lock\" \"${PODS_ROOT}/Manifest.lock\" > /dev/null\nif [ $? != 0 ] ; then\n    # print error to STDERR\n    echo \"error: The sandbox is not in sync with the Podfile.lock. Run 'pod install' or update your CocoaPods installation.\" >&2\n    exit 1\nfi\n# This output is used by Xcode 'outputs' to avoid re-running this script phase.\necho \"SUCCESS\" > \"${SCRIPT_OUTPUT_FILE_0}\"\n";
			showEnvVarsInLog = 0;
		};
		59B012C85E7B03C1E493F168 /* [CP] Check Pods Manifest.lock */ = {
			isa = PBXShellScriptBuildPhase;
			buildActionMask = 2147483647;
			files = (
			);
			inputFileListPaths = (
			);
			inputPaths = (
				"${PODS_PODFILE_DIR_PATH}/Podfile.lock",
				"${PODS_ROOT}/Manifest.lock",
			);
			name = "[CP] Check Pods Manifest.lock";
			outputFileListPaths = (
			);
			outputPaths = (
				"$(DERIVED_FILE_DIR)/Pods-SureBack-checkManifestLockResult.txt",
			);
			runOnlyForDeploymentPostprocessing = 0;
			shellPath = /bin/sh;
			shellScript = "diff \"${PODS_PODFILE_DIR_PATH}/Podfile.lock\" \"${PODS_ROOT}/Manifest.lock\" > /dev/null\nif [ $? != 0 ] ; then\n    # print error to STDERR\n    echo \"error: The sandbox is not in sync with the Podfile.lock. Run 'pod install' or update your CocoaPods installation.\" >&2\n    exit 1\nfi\n# This output is used by Xcode 'outputs' to avoid re-running this script phase.\necho \"SUCCESS\" > \"${SCRIPT_OUTPUT_FILE_0}\"\n";
			showEnvVarsInLog = 0;
		};
		A15196702EE97018E7556E6F /* [CP] Embed Pods Frameworks */ = {
			isa = PBXShellScriptBuildPhase;
			buildActionMask = 2147483647;
			files = (
			);
			inputFileListPaths = (
				"${PODS_ROOT}/Target Support Files/Pods-SureBack-SureBackUITests/Pods-SureBack-SureBackUITests-frameworks-${CONFIGURATION}-input-files.xcfilelist",
			);
			name = "[CP] Embed Pods Frameworks";
			outputFileListPaths = (
				"${PODS_ROOT}/Target Support Files/Pods-SureBack-SureBackUITests/Pods-SureBack-SureBackUITests-frameworks-${CONFIGURATION}-output-files.xcfilelist",
			);
			runOnlyForDeploymentPostprocessing = 0;
			shellPath = /bin/sh;
			shellScript = "\"${PODS_ROOT}/Target Support Files/Pods-SureBack-SureBackUITests/Pods-SureBack-SureBackUITests-frameworks.sh\"\n";
			showEnvVarsInLog = 0;
		};
		BB798AD42487779DED9CD932 /* [CP] Check Pods Manifest.lock */ = {
			isa = PBXShellScriptBuildPhase;
			buildActionMask = 2147483647;
			files = (
			);
			inputFileListPaths = (
			);
			inputPaths = (
				"${PODS_PODFILE_DIR_PATH}/Podfile.lock",
				"${PODS_ROOT}/Manifest.lock",
			);
			name = "[CP] Check Pods Manifest.lock";
			outputFileListPaths = (
			);
			outputPaths = (
				"$(DERIVED_FILE_DIR)/Pods-SureBackTests-checkManifestLockResult.txt",
			);
			runOnlyForDeploymentPostprocessing = 0;
			shellPath = /bin/sh;
			shellScript = "diff \"${PODS_PODFILE_DIR_PATH}/Podfile.lock\" \"${PODS_ROOT}/Manifest.lock\" > /dev/null\nif [ $? != 0 ] ; then\n    # print error to STDERR\n    echo \"error: The sandbox is not in sync with the Podfile.lock. Run 'pod install' or update your CocoaPods installation.\" >&2\n    exit 1\nfi\n# This output is used by Xcode 'outputs' to avoid re-running this script phase.\necho \"SUCCESS\" > \"${SCRIPT_OUTPUT_FILE_0}\"\n";
			showEnvVarsInLog = 0;
		};
		F08DB5284108EA7A59FDB696 /* [CP] Embed Pods Frameworks */ = {
			isa = PBXShellScriptBuildPhase;
			buildActionMask = 2147483647;
			files = (
			);
			inputFileListPaths = (
				"${PODS_ROOT}/Target Support Files/Pods-SureBack/Pods-SureBack-frameworks-${CONFIGURATION}-input-files.xcfilelist",
			);
			name = "[CP] Embed Pods Frameworks";
			outputFileListPaths = (
				"${PODS_ROOT}/Target Support Files/Pods-SureBack/Pods-SureBack-frameworks-${CONFIGURATION}-output-files.xcfilelist",
			);
			runOnlyForDeploymentPostprocessing = 0;
			shellPath = /bin/sh;
			shellScript = "\"${PODS_ROOT}/Target Support Files/Pods-SureBack/Pods-SureBack-frameworks.sh\"\n";
			showEnvVarsInLog = 0;
		};
/* End PBXShellScriptBuildPhase section */

/* Begin PBXSourcesBuildPhase section */
		119B764E2906976E00530C80 /* Sources */ = {
			isa = PBXSourcesBuildPhase;
			buildActionMask = 2147483647;
			files = (
				1619BB272918B5E800085B74 /* AuthManager.swift in Sources */,
				16BD91AB291E88790010731E /* ItemStoryCollectionViewCell.swift in Sources */,
				1619BB292919082700085B74 /* TabBarViewController.swift in Sources */,
				16BD91A5291D527C0010731E /* BussinesStatusCardView.swift in Sources */,
				ACE8C35B2916D60700BEA778 /* DummyViewController.swift in Sources */,
				ACE8C3592916267800BEA778 /* LoginViewController.swift in Sources */,
				AC59F885291F50B5000F8345 /* HeaderCustomerDashboardView.swift in Sources */,
				ACE5CDAA291271AB00D08177 /* ProfileIGResponse.swift in Sources */,
				ACE5CDA62912711D00D08177 /* GenerateTokenOnlineResponse.swift in Sources */,
				ACE5CDB029127E6200D08177 /* ResponseData.swift in Sources */,
				16BD919E291C58860010731E /* UIScreen+Ext.swift in Sources */,
				16A8AD1D2915674700532374 /* ApproveOrRejectStoryResponse.swift in Sources */,
				119B765A2906976E00530C80 /* ViewController.swift in Sources */,
				ACE5CDA82912716B00D08177 /* ScanQrResponse.swift in Sources */,
				AC04BD80290995AD00635147 /* Function.swift in Sources */,
				1619BB302919FCF700085B74 /* ConfirmRegistrationViewController.swift in Sources */,
				1619BB32291B500300085B74 /* UIViewController+Ext.swift in Sources */,
				ACDD097A29128F1E00309FBC /* Transaction.swift in Sources */,
				1619BB2E2919D9DC00085B74 /* UIView+Ext.swift in Sources */,
				AC59F88D29202888000F8345 /* IsLoginViewController.swift in Sources */,
				AC67ABE7291515150042FECF /* MerchantDetailResponse.swift in Sources */,
				AC59F892292057CE000F8345 /* HeaderCustomerHistoryView.swift in Sources */,
				AC67ABE7291515150042FECF /* MerchantDetailResponse.swift in Sources */,
				AC22879429182E8E00397ED0 /* ShowQRViewController.swift in Sources */,
				AC59F89629207256000F8345 /* FooterCustomerHistoryView.swift in Sources */,
				16BD91A7291D52E30010731E /* StoryTableViewCell.swift in Sources */,
				119B76562906976E00530C80 /* AppDelegate.swift in Sources */,
				16BD91A9291D534C0010731E /* HeaderMerchantDashboardView.swift in Sources */,
				16BD91A3291D52610010731E /* CoinHistoryCardView.swift in Sources */,
				ACE5CDA42912704800D08177 /* UserInfoResponse.swift in Sources */,
				AC12F579291D3FBB0096CB5A /* CustomerHistoryViewController.swift in Sources */,
				1619BB2B2919B74800085B74 /* RegistrationViewController.swift in Sources */,
				AC00FA35290A5D3600B6347D /* ScanQrViewController.swift in Sources */,
				AC12F573291BF21D0096CB5A /* CustomerDashboardViewController.swift in Sources */,
				AC3FEDCC2908346C0011202E /* RequestFunction.swift in Sources */,
				1694878829104CE70088821C /* KeychainHelper.swift in Sources */,
				ACE5CDAC2912722800D08177 /* MentionStoryIGResponse.swift in Sources */,
				AC59F89429206137000F8345 /* ItemCustomerHistoryTableViewCell.swift in Sources */,
				16BD91AD291E93270010731E /* MerchantDashboardViewController.swift in Sources */,
				AC59F88B291F8117000F8345 /* Token.swift in Sources */,
				16930E3D290FB8C7003DFEBE /* RequestInstagramOTPResponse.swift in Sources */,
				AC12F575291C29E10096CB5A /* ItemMerchantTableViewCell.swift in Sources */,
				AC3FEDCE290834EA0011202E /* JSONNull.swift in Sources */,
				16930E3F290FBB27003DFEBE /* AuthResponse.swift in Sources */,
				AC1A6CBB291B43E700A99BB1 /* MerchantGenerateTokenViewController.swift in Sources */,
				11B2DD2F2907CF760065E98D /* APICall.swift in Sources */,
				AC22879A2918521F00397ED0 /* LoggedInViewController.swift in Sources */,
				AC2AC1BD291F3C5B00E9F8A7 /* ActiveTokenCardView.swift in Sources */,
			);
			runOnlyForDeploymentPostprocessing = 0;
		};
		119B76642906976F00530C80 /* Sources */ = {
			isa = PBXSourcesBuildPhase;
			buildActionMask = 2147483647;
			files = (
				119B766D2906976F00530C80 /* SureBackTests.swift in Sources */,
			);
			runOnlyForDeploymentPostprocessing = 0;
		};
		119B766E2906976F00530C80 /* Sources */ = {
			isa = PBXSourcesBuildPhase;
			buildActionMask = 2147483647;
			files = (
				119B76792906976F00530C80 /* SureBackUITestsLaunchTests.swift in Sources */,
				119B76772906976F00530C80 /* SureBackUITests.swift in Sources */,
			);
			runOnlyForDeploymentPostprocessing = 0;
		};
/* End PBXSourcesBuildPhase section */

/* Begin PBXTargetDependency section */
		119B766A2906976F00530C80 /* PBXTargetDependency */ = {
			isa = PBXTargetDependency;
			target = 119B76512906976E00530C80 /* SureBack */;
			targetProxy = 119B76692906976F00530C80 /* PBXContainerItemProxy */;
		};
		119B76742906976F00530C80 /* PBXTargetDependency */ = {
			isa = PBXTargetDependency;
			target = 119B76512906976E00530C80 /* SureBack */;
			targetProxy = 119B76732906976F00530C80 /* PBXContainerItemProxy */;
		};
/* End PBXTargetDependency section */

/* Begin PBXVariantGroup section */
		119B76602906976F00530C80 /* LaunchScreen.storyboard */ = {
			isa = PBXVariantGroup;
			children = (
				119B76612906976F00530C80 /* Base */,
			);
			name = LaunchScreen.storyboard;
			sourceTree = "<group>";
		};
/* End PBXVariantGroup section */

/* Begin XCBuildConfiguration section */
		119B767A2906976F00530C80 /* Debug */ = {
			isa = XCBuildConfiguration;
			buildSettings = {
				ALWAYS_SEARCH_USER_PATHS = NO;
				CLANG_ANALYZER_NONNULL = YES;
				CLANG_ANALYZER_NUMBER_OBJECT_CONVERSION = YES_AGGRESSIVE;
				CLANG_CXX_LANGUAGE_STANDARD = "gnu++20";
				CLANG_ENABLE_MODULES = YES;
				CLANG_ENABLE_OBJC_ARC = YES;
				CLANG_ENABLE_OBJC_WEAK = YES;
				CLANG_WARN_BLOCK_CAPTURE_AUTORELEASING = YES;
				CLANG_WARN_BOOL_CONVERSION = YES;
				CLANG_WARN_COMMA = YES;
				CLANG_WARN_CONSTANT_CONVERSION = YES;
				CLANG_WARN_DEPRECATED_OBJC_IMPLEMENTATIONS = YES;
				CLANG_WARN_DIRECT_OBJC_ISA_USAGE = YES_ERROR;
				CLANG_WARN_DOCUMENTATION_COMMENTS = YES;
				CLANG_WARN_EMPTY_BODY = YES;
				CLANG_WARN_ENUM_CONVERSION = YES;
				CLANG_WARN_INFINITE_RECURSION = YES;
				CLANG_WARN_INT_CONVERSION = YES;
				CLANG_WARN_NON_LITERAL_NULL_CONVERSION = YES;
				CLANG_WARN_OBJC_IMPLICIT_RETAIN_SELF = YES;
				CLANG_WARN_OBJC_LITERAL_CONVERSION = YES;
				CLANG_WARN_OBJC_ROOT_CLASS = YES_ERROR;
				CLANG_WARN_QUOTED_INCLUDE_IN_FRAMEWORK_HEADER = YES;
				CLANG_WARN_RANGE_LOOP_ANALYSIS = YES;
				CLANG_WARN_STRICT_PROTOTYPES = YES;
				CLANG_WARN_SUSPICIOUS_MOVE = YES;
				CLANG_WARN_UNGUARDED_AVAILABILITY = YES_AGGRESSIVE;
				CLANG_WARN_UNREACHABLE_CODE = YES;
				CLANG_WARN__DUPLICATE_METHOD_MATCH = YES;
				COPY_PHASE_STRIP = NO;
				DEBUG_INFORMATION_FORMAT = dwarf;
				ENABLE_STRICT_OBJC_MSGSEND = YES;
				ENABLE_TESTABILITY = YES;
				GCC_C_LANGUAGE_STANDARD = gnu11;
				GCC_DYNAMIC_NO_PIC = NO;
				GCC_NO_COMMON_BLOCKS = YES;
				GCC_OPTIMIZATION_LEVEL = 0;
				GCC_PREPROCESSOR_DEFINITIONS = (
					"DEBUG=1",
					"$(inherited)",
				);
				GCC_WARN_64_TO_32_BIT_CONVERSION = YES;
				GCC_WARN_ABOUT_RETURN_TYPE = YES_ERROR;
				GCC_WARN_UNDECLARED_SELECTOR = YES;
				GCC_WARN_UNINITIALIZED_AUTOS = YES_AGGRESSIVE;
				GCC_WARN_UNUSED_FUNCTION = YES;
				GCC_WARN_UNUSED_VARIABLE = YES;
				IPHONEOS_DEPLOYMENT_TARGET = 11.0;
				MTL_ENABLE_DEBUG_INFO = INCLUDE_SOURCE;
				MTL_FAST_MATH = YES;
				ONLY_ACTIVE_ARCH = YES;
				SDKROOT = iphoneos;
				SWIFT_ACTIVE_COMPILATION_CONDITIONS = DEBUG;
				SWIFT_OPTIMIZATION_LEVEL = "-Onone";
			};
			name = Debug;
		};
		119B767B2906976F00530C80 /* Release */ = {
			isa = XCBuildConfiguration;
			buildSettings = {
				ALWAYS_SEARCH_USER_PATHS = NO;
				CLANG_ANALYZER_NONNULL = YES;
				CLANG_ANALYZER_NUMBER_OBJECT_CONVERSION = YES_AGGRESSIVE;
				CLANG_CXX_LANGUAGE_STANDARD = "gnu++20";
				CLANG_ENABLE_MODULES = YES;
				CLANG_ENABLE_OBJC_ARC = YES;
				CLANG_ENABLE_OBJC_WEAK = YES;
				CLANG_WARN_BLOCK_CAPTURE_AUTORELEASING = YES;
				CLANG_WARN_BOOL_CONVERSION = YES;
				CLANG_WARN_COMMA = YES;
				CLANG_WARN_CONSTANT_CONVERSION = YES;
				CLANG_WARN_DEPRECATED_OBJC_IMPLEMENTATIONS = YES;
				CLANG_WARN_DIRECT_OBJC_ISA_USAGE = YES_ERROR;
				CLANG_WARN_DOCUMENTATION_COMMENTS = YES;
				CLANG_WARN_EMPTY_BODY = YES;
				CLANG_WARN_ENUM_CONVERSION = YES;
				CLANG_WARN_INFINITE_RECURSION = YES;
				CLANG_WARN_INT_CONVERSION = YES;
				CLANG_WARN_NON_LITERAL_NULL_CONVERSION = YES;
				CLANG_WARN_OBJC_IMPLICIT_RETAIN_SELF = YES;
				CLANG_WARN_OBJC_LITERAL_CONVERSION = YES;
				CLANG_WARN_OBJC_ROOT_CLASS = YES_ERROR;
				CLANG_WARN_QUOTED_INCLUDE_IN_FRAMEWORK_HEADER = YES;
				CLANG_WARN_RANGE_LOOP_ANALYSIS = YES;
				CLANG_WARN_STRICT_PROTOTYPES = YES;
				CLANG_WARN_SUSPICIOUS_MOVE = YES;
				CLANG_WARN_UNGUARDED_AVAILABILITY = YES_AGGRESSIVE;
				CLANG_WARN_UNREACHABLE_CODE = YES;
				CLANG_WARN__DUPLICATE_METHOD_MATCH = YES;
				COPY_PHASE_STRIP = NO;
				DEBUG_INFORMATION_FORMAT = "dwarf-with-dsym";
				ENABLE_NS_ASSERTIONS = NO;
				ENABLE_STRICT_OBJC_MSGSEND = YES;
				GCC_C_LANGUAGE_STANDARD = gnu11;
				GCC_NO_COMMON_BLOCKS = YES;
				GCC_WARN_64_TO_32_BIT_CONVERSION = YES;
				GCC_WARN_ABOUT_RETURN_TYPE = YES_ERROR;
				GCC_WARN_UNDECLARED_SELECTOR = YES;
				GCC_WARN_UNINITIALIZED_AUTOS = YES_AGGRESSIVE;
				GCC_WARN_UNUSED_FUNCTION = YES;
				GCC_WARN_UNUSED_VARIABLE = YES;
				IPHONEOS_DEPLOYMENT_TARGET = 11.0;
				MTL_ENABLE_DEBUG_INFO = NO;
				MTL_FAST_MATH = YES;
				SDKROOT = iphoneos;
				SWIFT_COMPILATION_MODE = wholemodule;
				SWIFT_OPTIMIZATION_LEVEL = "-O";
				VALIDATE_PRODUCT = YES;
			};
			name = Release;
		};
		119B767D2906976F00530C80 /* Debug */ = {
			isa = XCBuildConfiguration;
			baseConfigurationReference = 789F6AEA539E68F7FD5E5C81 /* Pods-SureBack.debug.xcconfig */;
			buildSettings = {
				ASSETCATALOG_COMPILER_APPICON_NAME = AppIcon;
				ASSETCATALOG_COMPILER_GLOBAL_ACCENT_COLOR_NAME = AccentColor;
				CODE_SIGN_ENTITLEMENTS = SureBack/SureBack.entitlements;
				CODE_SIGN_STYLE = Automatic;
				CURRENT_PROJECT_VERSION = 1;
				DEVELOPMENT_TEAM = C8VS35NTZ7;
				GENERATE_INFOPLIST_FILE = YES;
				INFOPLIST_FILE = SureBack/Info.plist;
				INFOPLIST_KEY_NSCameraUsageDescription = "To be able to Scan QR Code, you must allow the use of the camera.";
				INFOPLIST_KEY_UIApplicationSupportsIndirectInputEvents = YES;
				INFOPLIST_KEY_UILaunchStoryboardName = LaunchScreen;
				INFOPLIST_KEY_UIMainStoryboardFile = "";
				INFOPLIST_KEY_UIStatusBarStyle = "";
				INFOPLIST_KEY_UISupportedInterfaceOrientations = UIInterfaceOrientationPortrait;
				INFOPLIST_KEY_UISupportedInterfaceOrientations_iPad = "UIInterfaceOrientationLandscapeLeft UIInterfaceOrientationLandscapeRight UIInterfaceOrientationPortrait UIInterfaceOrientationPortraitUpsideDown";
				INFOPLIST_KEY_UIUserInterfaceStyle = Light;
				IPHONEOS_DEPLOYMENT_TARGET = 11.0;
				LD_RUNPATH_SEARCH_PATHS = (
					"$(inherited)",
					"@executable_path/Frameworks",
				);
				MARKETING_VERSION = 0.1;
				PRODUCT_BUNDLE_IDENTIFIER = cro2one.SureBack;
				PRODUCT_NAME = "$(TARGET_NAME)";
				SWIFT_EMIT_LOC_STRINGS = YES;
				SWIFT_VERSION = 5.0;
				TARGETED_DEVICE_FAMILY = "1,2";
			};
			name = Debug;
		};
		119B767E2906976F00530C80 /* Release */ = {
			isa = XCBuildConfiguration;
			baseConfigurationReference = 45FB4E7EBF11E0E918FCC83A /* Pods-SureBack.release.xcconfig */;
			buildSettings = {
				ASSETCATALOG_COMPILER_APPICON_NAME = AppIcon;
				ASSETCATALOG_COMPILER_GLOBAL_ACCENT_COLOR_NAME = AccentColor;
				CODE_SIGN_ENTITLEMENTS = SureBack/SureBack.entitlements;
				CODE_SIGN_IDENTITY = "Apple Development";
				CODE_SIGN_STYLE = Automatic;
				CURRENT_PROJECT_VERSION = 1;
				DEVELOPMENT_TEAM = C8VS35NTZ7;
				GENERATE_INFOPLIST_FILE = YES;
				INFOPLIST_FILE = SureBack/Info.plist;
				INFOPLIST_KEY_NSCameraUsageDescription = "To be able to Scan QR Code, you must allow the use of the camera.";
				INFOPLIST_KEY_UIApplicationSupportsIndirectInputEvents = YES;
				INFOPLIST_KEY_UILaunchStoryboardName = LaunchScreen;
				INFOPLIST_KEY_UIMainStoryboardFile = "";
				INFOPLIST_KEY_UIStatusBarStyle = "";
				INFOPLIST_KEY_UISupportedInterfaceOrientations = UIInterfaceOrientationPortrait;
				INFOPLIST_KEY_UISupportedInterfaceOrientations_iPad = "UIInterfaceOrientationLandscapeLeft UIInterfaceOrientationLandscapeRight UIInterfaceOrientationPortrait UIInterfaceOrientationPortraitUpsideDown";
				INFOPLIST_KEY_UIUserInterfaceStyle = Light;
				IPHONEOS_DEPLOYMENT_TARGET = 11.0;
				LD_RUNPATH_SEARCH_PATHS = (
					"$(inherited)",
					"@executable_path/Frameworks",
				);
				MARKETING_VERSION = 0.1;
				PRODUCT_BUNDLE_IDENTIFIER = cro2one.SureBack;
				PRODUCT_NAME = "$(TARGET_NAME)";
				PROVISIONING_PROFILE_SPECIFIER = "";
				SWIFT_EMIT_LOC_STRINGS = YES;
				SWIFT_VERSION = 5.0;
				TARGETED_DEVICE_FAMILY = "1,2";
			};
			name = Release;
		};
		119B76802906976F00530C80 /* Debug */ = {
			isa = XCBuildConfiguration;
			baseConfigurationReference = 5F47E67A5BE033AB27E63DDB /* Pods-SureBackTests.debug.xcconfig */;
			buildSettings = {
				ALWAYS_EMBED_SWIFT_STANDARD_LIBRARIES = YES;
				BUNDLE_LOADER = "$(TEST_HOST)";
				CODE_SIGN_STYLE = Automatic;
				CURRENT_PROJECT_VERSION = 1;
				DEVELOPMENT_TEAM = BAFJ582D2S;
				GENERATE_INFOPLIST_FILE = YES;
				IPHONEOS_DEPLOYMENT_TARGET = 11.0;
				MARKETING_VERSION = 1.0;
				PRODUCT_BUNDLE_IDENTIFIER = cro2one.SureBackTests;
				PRODUCT_NAME = "$(TARGET_NAME)";
				SWIFT_EMIT_LOC_STRINGS = NO;
				SWIFT_VERSION = 5.0;
				TARGETED_DEVICE_FAMILY = "1,2";
				TEST_HOST = "$(BUILT_PRODUCTS_DIR)/SureBack.app/$(BUNDLE_EXECUTABLE_FOLDER_PATH)/SureBack";
			};
			name = Debug;
		};
		119B76812906976F00530C80 /* Release */ = {
			isa = XCBuildConfiguration;
			baseConfigurationReference = 956FF58F6BF05A02F4470599 /* Pods-SureBackTests.release.xcconfig */;
			buildSettings = {
				ALWAYS_EMBED_SWIFT_STANDARD_LIBRARIES = YES;
				BUNDLE_LOADER = "$(TEST_HOST)";
				CODE_SIGN_STYLE = Automatic;
				CURRENT_PROJECT_VERSION = 1;
				DEVELOPMENT_TEAM = BAFJ582D2S;
				GENERATE_INFOPLIST_FILE = YES;
				IPHONEOS_DEPLOYMENT_TARGET = 11.0;
				MARKETING_VERSION = 1.0;
				PRODUCT_BUNDLE_IDENTIFIER = cro2one.SureBackTests;
				PRODUCT_NAME = "$(TARGET_NAME)";
				SWIFT_EMIT_LOC_STRINGS = NO;
				SWIFT_VERSION = 5.0;
				TARGETED_DEVICE_FAMILY = "1,2";
				TEST_HOST = "$(BUILT_PRODUCTS_DIR)/SureBack.app/$(BUNDLE_EXECUTABLE_FOLDER_PATH)/SureBack";
			};
			name = Release;
		};
		119B76832906976F00530C80 /* Debug */ = {
			isa = XCBuildConfiguration;
			baseConfigurationReference = 73CC351507311C50D6787E9F /* Pods-SureBack-SureBackUITests.debug.xcconfig */;
			buildSettings = {
				ALWAYS_EMBED_SWIFT_STANDARD_LIBRARIES = YES;
				CODE_SIGN_STYLE = Automatic;
				CURRENT_PROJECT_VERSION = 1;
				DEVELOPMENT_TEAM = BAFJ582D2S;
				GENERATE_INFOPLIST_FILE = YES;
				IPHONEOS_DEPLOYMENT_TARGET = 11.0;
				MARKETING_VERSION = 1.0;
				PRODUCT_BUNDLE_IDENTIFIER = cro2one.SureBackUITests;
				PRODUCT_NAME = "$(TARGET_NAME)";
				SWIFT_EMIT_LOC_STRINGS = NO;
				SWIFT_VERSION = 5.0;
				TARGETED_DEVICE_FAMILY = "1,2";
				TEST_TARGET_NAME = SureBack;
			};
			name = Debug;
		};
		119B76842906976F00530C80 /* Release */ = {
			isa = XCBuildConfiguration;
			baseConfigurationReference = 80439164880B2D80FB83B23C /* Pods-SureBack-SureBackUITests.release.xcconfig */;
			buildSettings = {
				ALWAYS_EMBED_SWIFT_STANDARD_LIBRARIES = YES;
				CODE_SIGN_STYLE = Automatic;
				CURRENT_PROJECT_VERSION = 1;
				DEVELOPMENT_TEAM = BAFJ582D2S;
				GENERATE_INFOPLIST_FILE = YES;
				IPHONEOS_DEPLOYMENT_TARGET = 11.0;
				MARKETING_VERSION = 1.0;
				PRODUCT_BUNDLE_IDENTIFIER = cro2one.SureBackUITests;
				PRODUCT_NAME = "$(TARGET_NAME)";
				SWIFT_EMIT_LOC_STRINGS = NO;
				SWIFT_VERSION = 5.0;
				TARGETED_DEVICE_FAMILY = "1,2";
				TEST_TARGET_NAME = SureBack;
			};
			name = Release;
		};
/* End XCBuildConfiguration section */

/* Begin XCConfigurationList section */
		119B764D2906976E00530C80 /* Build configuration list for PBXProject "SureBack" */ = {
			isa = XCConfigurationList;
			buildConfigurations = (
				119B767A2906976F00530C80 /* Debug */,
				119B767B2906976F00530C80 /* Release */,
			);
			defaultConfigurationIsVisible = 0;
			defaultConfigurationName = Release;
		};
		119B767C2906976F00530C80 /* Build configuration list for PBXNativeTarget "SureBack" */ = {
			isa = XCConfigurationList;
			buildConfigurations = (
				119B767D2906976F00530C80 /* Debug */,
				119B767E2906976F00530C80 /* Release */,
			);
			defaultConfigurationIsVisible = 0;
			defaultConfigurationName = Release;
		};
		119B767F2906976F00530C80 /* Build configuration list for PBXNativeTarget "SureBackTests" */ = {
			isa = XCConfigurationList;
			buildConfigurations = (
				119B76802906976F00530C80 /* Debug */,
				119B76812906976F00530C80 /* Release */,
			);
			defaultConfigurationIsVisible = 0;
			defaultConfigurationName = Release;
		};
		119B76822906976F00530C80 /* Build configuration list for PBXNativeTarget "SureBackUITests" */ = {
			isa = XCConfigurationList;
			buildConfigurations = (
				119B76832906976F00530C80 /* Debug */,
				119B76842906976F00530C80 /* Release */,
			);
			defaultConfigurationIsVisible = 0;
			defaultConfigurationName = Release;
		};
/* End XCConfigurationList section */
	};
	rootObject = 119B764A2906976E00530C80 /* Project object */;
}
